
Microsoft Visual Studio Solution File, Format Version 12.00
# Visual Studio 15
VisualStudioVersion = 15.0.26730.10
MinimumVisualStudioVersion = 10.0.40219.1


Project("{9A19103F-16F7-4668-BE54-9A1E7A4F7556}") = "LibVLCSharp.Forms.Sample", "LibVLCSharp.Forms.Sample\LibVLCSharp.Forms.Sample\LibVLCSharp.Forms.Sample.csproj", "{D054AF3C-A320-4E44-A417-33111EF116C3}"
EndProject

Project("{FAE04EC0-301F-11D3-BF4B-00C04F79EFBC}") = "LibVLCSharp.Forms.Sample.iOS", "LibVLCSharp.Forms.Sample\LibVLCSharp.Forms.Sample.iOS\LibVLCSharp.Forms.Sample.iOS.csproj", "{D2486BCF-A218-4181-B1F8-E6D46DCADCDC}"
EndProject


Project("{FAE04EC0-301F-11D3-BF4B-00C04F79EFBC}") = "LibVLCSharp.Forms.Sample.Android", "LibVLCSharp.Forms.Sample\LibVLCSharp.Forms.Sample.Android\LibVLCSharp.Forms.Sample.Android.csproj", "{C77C28DD-A2B2-403C-A907-76184BD5D11E}"
EndProject


Global
	GlobalSection(SolutionConfigurationPlatforms) = preSolution
		Ad-Hoc|Any CPU = Ad-Hoc|Any CPU
		Ad-Hoc|ARM = Ad-Hoc|ARM
		Ad-Hoc|iPhone = Ad-Hoc|iPhone
		Ad-Hoc|iPhoneSimulator = Ad-Hoc|iPhoneSimulator
		Ad-Hoc|x64 = Ad-Hoc|x64
		Ad-Hoc|x86 = Ad-Hoc|x86
		AppStore|Any CPU = AppStore|Any CPU
		AppStore|ARM = AppStore|ARM
		AppStore|iPhone = AppStore|iPhone
		AppStore|iPhoneSimulator = AppStore|iPhoneSimulator
		AppStore|x64 = AppStore|x64
		AppStore|x86 = AppStore|x86
		Debug|Any CPU = Debug|Any CPU
		Debug|ARM = Debug|ARM
		Debug|iPhone = Debug|iPhone
		Debug|iPhoneSimulator = Debug|iPhoneSimulator
		Debug|x64 = Debug|x64
		Debug|x86 = Debug|x86
		Release|Any CPU = Release|Any CPU
		Release|ARM = Release|ARM
		Release|iPhone = Release|iPhone
		Release|iPhoneSimulator = Release|iPhoneSimulator
		Release|x64 = Release|x64
		Release|x86 = Release|x86
	EndGlobalSection
	GlobalSection(ProjectConfigurationPlatforms) = postSolution
		{D054AF3C-A320-4E44-A417-33111EF116C3}.Ad-Hoc|Any CPU.ActiveCfg = Debug|Any CPU
		{D054AF3C-A320-4E44-A417-33111EF116C3}.Ad-Hoc|Any CPU.Build.0 = Debug|Any CPU
		{D054AF3C-A320-4E44-A417-33111EF116C3}.Ad-Hoc|ARM.ActiveCfg = Debug|Any CPU
		{D054AF3C-A320-4E44-A417-33111EF116C3}.Ad-Hoc|ARM.Build.0 = Debug|Any CPU
		{D054AF3C-A320-4E44-A417-33111EF116C3}.Ad-Hoc|iPhone.ActiveCfg = Debug|Any CPU
		{D054AF3C-A320-4E44-A417-33111EF116C3}.Ad-Hoc|iPhone.Build.0 = Debug|Any CPU
		{D054AF3C-A320-4E44-A417-33111EF116C3}.Ad-Hoc|iPhoneSimulator.ActiveCfg = Debug|Any CPU
		{D054AF3C-A320-4E44-A417-33111EF116C3}.Ad-Hoc|iPhoneSimulator.Build.0 = Debug|Any CPU
		{D054AF3C-A320-4E44-A417-33111EF116C3}.Ad-Hoc|x64.ActiveCfg = Debug|Any CPU
		{D054AF3C-A320-4E44-A417-33111EF116C3}.Ad-Hoc|x64.Build.0 = Debug|Any CPU
		{D054AF3C-A320-4E44-A417-33111EF116C3}.Ad-Hoc|x86.ActiveCfg = Debug|Any CPU
		{D054AF3C-A320-4E44-A417-33111EF116C3}.Ad-Hoc|x86.Build.0 = Debug|Any CPU
		{D054AF3C-A320-4E44-A417-33111EF116C3}.AppStore|Any CPU.ActiveCfg = Debug|Any CPU
		{D054AF3C-A320-4E44-A417-33111EF116C3}.AppStore|Any CPU.Build.0 = Debug|Any CPU
		{D054AF3C-A320-4E44-A417-33111EF116C3}.AppStore|ARM.ActiveCfg = Debug|Any CPU
		{D054AF3C-A320-4E44-A417-33111EF116C3}.AppStore|ARM.Build.0 = Debug|Any CPU
		{D054AF3C-A320-4E44-A417-33111EF116C3}.AppStore|iPhone.ActiveCfg = Debug|Any CPU
		{D054AF3C-A320-4E44-A417-33111EF116C3}.AppStore|iPhone.Build.0 = Debug|Any CPU
		{D054AF3C-A320-4E44-A417-33111EF116C3}.AppStore|iPhoneSimulator.ActiveCfg = Debug|Any CPU
		{D054AF3C-A320-4E44-A417-33111EF116C3}.AppStore|iPhoneSimulator.Build.0 = Debug|Any CPU
		{D054AF3C-A320-4E44-A417-33111EF116C3}.AppStore|x64.ActiveCfg = Debug|Any CPU
		{D054AF3C-A320-4E44-A417-33111EF116C3}.AppStore|x64.Build.0 = Debug|Any CPU
		{D054AF3C-A320-4E44-A417-33111EF116C3}.AppStore|x86.ActiveCfg = Debug|Any CPU
		{D054AF3C-A320-4E44-A417-33111EF116C3}.AppStore|x86.Build.0 = Debug|Any CPU
		{D054AF3C-A320-4E44-A417-33111EF116C3}.Debug|Any CPU.ActiveCfg = Debug|Any CPU
		{D054AF3C-A320-4E44-A417-33111EF116C3}.Debug|Any CPU.Build.0 = Debug|Any CPU
		{D054AF3C-A320-4E44-A417-33111EF116C3}.Debug|ARM.ActiveCfg = Debug|Any CPU
		{D054AF3C-A320-4E44-A417-33111EF116C3}.Debug|ARM.Build.0 = Debug|Any CPU
		{D054AF3C-A320-4E44-A417-33111EF116C3}.Debug|iPhone.ActiveCfg = Debug|Any CPU
		{D054AF3C-A320-4E44-A417-33111EF116C3}.Debug|iPhone.Build.0 = Debug|Any CPU
		{D054AF3C-A320-4E44-A417-33111EF116C3}.Debug|iPhoneSimulator.ActiveCfg = Debug|Any CPU
		{D054AF3C-A320-4E44-A417-33111EF116C3}.Debug|iPhoneSimulator.Build.0 = Debug|Any CPU
		{D054AF3C-A320-4E44-A417-33111EF116C3}.Debug|x64.ActiveCfg = Debug|Any CPU
		{D054AF3C-A320-4E44-A417-33111EF116C3}.Debug|x64.Build.0 = Debug|Any CPU
		{D054AF3C-A320-4E44-A417-33111EF116C3}.Debug|x86.ActiveCfg = Debug|Any CPU
		{D054AF3C-A320-4E44-A417-33111EF116C3}.Debug|x86.Build.0 = Debug|Any CPU
		{D054AF3C-A320-4E44-A417-33111EF116C3}.Release|Any CPU.ActiveCfg = Release|Any CPU
		{D054AF3C-A320-4E44-A417-33111EF116C3}.Release|Any CPU.Build.0 = Release|Any CPU
		{D054AF3C-A320-4E44-A417-33111EF116C3}.Release|ARM.ActiveCfg = Release|Any CPU
		{D054AF3C-A320-4E44-A417-33111EF116C3}.Release|ARM.Build.0 = Release|Any CPU
		{D054AF3C-A320-4E44-A417-33111EF116C3}.Release|iPhone.ActiveCfg = Release|Any CPU
		{D054AF3C-A320-4E44-A417-33111EF116C3}.Release|iPhone.Build.0 = Release|Any CPU
		{D054AF3C-A320-4E44-A417-33111EF116C3}.Release|iPhoneSimulator.ActiveCfg = Release|Any CPU
		{D054AF3C-A320-4E44-A417-33111EF116C3}.Release|iPhoneSimulator.Build.0 = Release|Any CPU
		{D054AF3C-A320-4E44-A417-33111EF116C3}.Release|x64.ActiveCfg = Release|Any CPU
		{D054AF3C-A320-4E44-A417-33111EF116C3}.Release|x64.Build.0 = Release|Any CPU
		{D054AF3C-A320-4E44-A417-33111EF116C3}.Release|x86.ActiveCfg = Release|Any CPU
		{D054AF3C-A320-4E44-A417-33111EF116C3}.Release|x86.Build.0 = Release|Any CPU
		{D2486BCF-A218-4181-B1F8-E6D46DCADCDC}.Ad-Hoc|Any CPU.ActiveCfg = Ad-Hoc|iPhone
		{D2486BCF-A218-4181-B1F8-E6D46DCADCDC}.Ad-Hoc|ARM.ActiveCfg = Ad-Hoc|iPhone
		{D2486BCF-A218-4181-B1F8-E6D46DCADCDC}.Ad-Hoc|iPhone.ActiveCfg = Ad-Hoc|iPhone
		{D2486BCF-A218-4181-B1F8-E6D46DCADCDC}.Ad-Hoc|iPhone.Build.0 = Ad-Hoc|iPhone
		{D2486BCF-A218-4181-B1F8-E6D46DCADCDC}.Ad-Hoc|iPhoneSimulator.ActiveCfg = Ad-Hoc|iPhoneSimulator
		{D2486BCF-A218-4181-B1F8-E6D46DCADCDC}.Ad-Hoc|iPhoneSimulator.Build.0 = Ad-Hoc|iPhoneSimulator
		{D2486BCF-A218-4181-B1F8-E6D46DCADCDC}.Ad-Hoc|x64.ActiveCfg = Ad-Hoc|iPhone
		{D2486BCF-A218-4181-B1F8-E6D46DCADCDC}.Ad-Hoc|x86.ActiveCfg = Ad-Hoc|iPhone
		{D2486BCF-A218-4181-B1F8-E6D46DCADCDC}.AppStore|Any CPU.ActiveCfg = AppStore|iPhone
		{D2486BCF-A218-4181-B1F8-E6D46DCADCDC}.AppStore|ARM.ActiveCfg = AppStore|iPhone
		{D2486BCF-A218-4181-B1F8-E6D46DCADCDC}.AppStore|iPhone.ActiveCfg = AppStore|iPhone
		{D2486BCF-A218-4181-B1F8-E6D46DCADCDC}.AppStore|iPhone.Build.0 = AppStore|iPhone
		{D2486BCF-A218-4181-B1F8-E6D46DCADCDC}.AppStore|iPhoneSimulator.ActiveCfg = AppStore|iPhoneSimulator
		{D2486BCF-A218-4181-B1F8-E6D46DCADCDC}.AppStore|iPhoneSimulator.Build.0 = AppStore|iPhoneSimulator
		{D2486BCF-A218-4181-B1F8-E6D46DCADCDC}.AppStore|x64.ActiveCfg = AppStore|iPhone
		{D2486BCF-A218-4181-B1F8-E6D46DCADCDC}.AppStore|x86.ActiveCfg = AppStore|iPhone
		{D2486BCF-A218-4181-B1F8-E6D46DCADCDC}.Debug|Any CPU.ActiveCfg = Debug|iPhone
		{D2486BCF-A218-4181-B1F8-E6D46DCADCDC}.Debug|ARM.ActiveCfg = Debug|iPhone
		{D2486BCF-A218-4181-B1F8-E6D46DCADCDC}.Debug|iPhone.ActiveCfg = Debug|iPhone
		{D2486BCF-A218-4181-B1F8-E6D46DCADCDC}.Debug|iPhone.Build.0 = Debug|iPhone
		{D2486BCF-A218-4181-B1F8-E6D46DCADCDC}.Debug|iPhoneSimulator.ActiveCfg = Debug|iPhoneSimulator
		{D2486BCF-A218-4181-B1F8-E6D46DCADCDC}.Debug|iPhoneSimulator.Build.0 = Debug|iPhoneSimulator
		{D2486BCF-A218-4181-B1F8-E6D46DCADCDC}.Debug|x64.ActiveCfg = Debug|iPhone
		{D2486BCF-A218-4181-B1F8-E6D46DCADCDC}.Debug|x86.ActiveCfg = Debug|iPhone
		{D2486BCF-A218-4181-B1F8-E6D46DCADCDC}.Release|Any CPU.ActiveCfg = Release|iPhone
		{D2486BCF-A218-4181-B1F8-E6D46DCADCDC}.Release|ARM.ActiveCfg = Release|iPhone
		{D2486BCF-A218-4181-B1F8-E6D46DCADCDC}.Release|iPhone.ActiveCfg = Release|iPhone
		{D2486BCF-A218-4181-B1F8-E6D46DCADCDC}.Release|iPhone.Build.0 = Release|iPhone
		{D2486BCF-A218-4181-B1F8-E6D46DCADCDC}.Release|iPhoneSimulator.ActiveCfg = Release|iPhoneSimulator
		{D2486BCF-A218-4181-B1F8-E6D46DCADCDC}.Release|iPhoneSimulator.Build.0 = Release|iPhoneSimulator
		{D2486BCF-A218-4181-B1F8-E6D46DCADCDC}.Release|x64.ActiveCfg = Release|iPhone
		{D2486BCF-A218-4181-B1F8-E6D46DCADCDC}.Release|x86.ActiveCfg = Release|iPhone
		{90E38BDE-AE82-40C3-B108-9A17E5A9D19C}.Ad-Hoc|Any CPU.ActiveCfg = Release|x86
		{90E38BDE-AE82-40C3-B108-9A17E5A9D19C}.Ad-Hoc|Any CPU.Build.0 = Release|x86
		{90E38BDE-AE82-40C3-B108-9A17E5A9D19C}.Ad-Hoc|Any CPU.Deploy.0 = Release|x86
		{90E38BDE-AE82-40C3-B108-9A17E5A9D19C}.Ad-Hoc|ARM.ActiveCfg = Release|ARM
		{90E38BDE-AE82-40C3-B108-9A17E5A9D19C}.Ad-Hoc|ARM.Build.0 = Release|ARM
		{90E38BDE-AE82-40C3-B108-9A17E5A9D19C}.Ad-Hoc|ARM.Deploy.0 = Release|ARM
		{90E38BDE-AE82-40C3-B108-9A17E5A9D19C}.Ad-Hoc|iPhone.ActiveCfg = Release|x86
		{90E38BDE-AE82-40C3-B108-9A17E5A9D19C}.Ad-Hoc|iPhone.Build.0 = Release|x86
		{90E38BDE-AE82-40C3-B108-9A17E5A9D19C}.Ad-Hoc|iPhone.Deploy.0 = Release|x86
		{90E38BDE-AE82-40C3-B108-9A17E5A9D19C}.Ad-Hoc|iPhoneSimulator.ActiveCfg = Release|x86
		{90E38BDE-AE82-40C3-B108-9A17E5A9D19C}.Ad-Hoc|iPhoneSimulator.Build.0 = Release|x86
		{90E38BDE-AE82-40C3-B108-9A17E5A9D19C}.Ad-Hoc|iPhoneSimulator.Deploy.0 = Release|x86
		{90E38BDE-AE82-40C3-B108-9A17E5A9D19C}.Ad-Hoc|x64.ActiveCfg = Release|x64
		{90E38BDE-AE82-40C3-B108-9A17E5A9D19C}.Ad-Hoc|x64.Build.0 = Release|x64
		{90E38BDE-AE82-40C3-B108-9A17E5A9D19C}.Ad-Hoc|x64.Deploy.0 = Release|x64
		{90E38BDE-AE82-40C3-B108-9A17E5A9D19C}.Ad-Hoc|x86.ActiveCfg = Release|x86
		{90E38BDE-AE82-40C3-B108-9A17E5A9D19C}.Ad-Hoc|x86.Build.0 = Release|x86
		{90E38BDE-AE82-40C3-B108-9A17E5A9D19C}.Ad-Hoc|x86.Deploy.0 = Release|x86
		{90E38BDE-AE82-40C3-B108-9A17E5A9D19C}.AppStore|Any CPU.ActiveCfg = Release|x86
		{90E38BDE-AE82-40C3-B108-9A17E5A9D19C}.AppStore|Any CPU.Build.0 = Release|x86
		{90E38BDE-AE82-40C3-B108-9A17E5A9D19C}.AppStore|Any CPU.Deploy.0 = Release|x86
		{90E38BDE-AE82-40C3-B108-9A17E5A9D19C}.AppStore|ARM.ActiveCfg = Release|ARM
		{90E38BDE-AE82-40C3-B108-9A17E5A9D19C}.AppStore|ARM.Build.0 = Release|ARM
		{90E38BDE-AE82-40C3-B108-9A17E5A9D19C}.AppStore|ARM.Deploy.0 = Release|ARM
		{90E38BDE-AE82-40C3-B108-9A17E5A9D19C}.AppStore|iPhone.ActiveCfg = Release|x86
		{90E38BDE-AE82-40C3-B108-9A17E5A9D19C}.AppStore|iPhone.Build.0 = Release|x86
		{90E38BDE-AE82-40C3-B108-9A17E5A9D19C}.AppStore|iPhone.Deploy.0 = Release|x86
		{90E38BDE-AE82-40C3-B108-9A17E5A9D19C}.AppStore|iPhoneSimulator.ActiveCfg = Release|x86
		{90E38BDE-AE82-40C3-B108-9A17E5A9D19C}.AppStore|iPhoneSimulator.Build.0 = Release|x86
		{90E38BDE-AE82-40C3-B108-9A17E5A9D19C}.AppStore|iPhoneSimulator.Deploy.0 = Release|x86
		{90E38BDE-AE82-40C3-B108-9A17E5A9D19C}.AppStore|x64.ActiveCfg = Release|x64
		{90E38BDE-AE82-40C3-B108-9A17E5A9D19C}.AppStore|x64.Build.0 = Release|x64
		{90E38BDE-AE82-40C3-B108-9A17E5A9D19C}.AppStore|x64.Deploy.0 = Release|x64
		{90E38BDE-AE82-40C3-B108-9A17E5A9D19C}.AppStore|x86.ActiveCfg = Release|x86
		{90E38BDE-AE82-40C3-B108-9A17E5A9D19C}.AppStore|x86.Build.0 = Release|x86
		{90E38BDE-AE82-40C3-B108-9A17E5A9D19C}.AppStore|x86.Deploy.0 = Release|x86
		{90E38BDE-AE82-40C3-B108-9A17E5A9D19C}.Debug|Any CPU.ActiveCfg = Debug|x86
		{90E38BDE-AE82-40C3-B108-9A17E5A9D19C}.Debug|ARM.ActiveCfg = Debug|ARM
		{90E38BDE-AE82-40C3-B108-9A17E5A9D19C}.Debug|ARM.Build.0 = Debug|ARM
		{90E38BDE-AE82-40C3-B108-9A17E5A9D19C}.Debug|ARM.Deploy.0 = Debug|ARM
		{90E38BDE-AE82-40C3-B108-9A17E5A9D19C}.Debug|iPhone.ActiveCfg = Debug|x86
		{90E38BDE-AE82-40C3-B108-9A17E5A9D19C}.Debug|iPhoneSimulator.ActiveCfg = Debug|x86
		{90E38BDE-AE82-40C3-B108-9A17E5A9D19C}.Debug|x64.ActiveCfg = Debug|x64
		{90E38BDE-AE82-40C3-B108-9A17E5A9D19C}.Debug|x64.Build.0 = Debug|x64
		{90E38BDE-AE82-40C3-B108-9A17E5A9D19C}.Debug|x64.Deploy.0 = Debug|x64
		{90E38BDE-AE82-40C3-B108-9A17E5A9D19C}.Debug|x86.ActiveCfg = Debug|x86
		{90E38BDE-AE82-40C3-B108-9A17E5A9D19C}.Debug|x86.Build.0 = Debug|x86
		{90E38BDE-AE82-40C3-B108-9A17E5A9D19C}.Debug|x86.Deploy.0 = Debug|x86
		{90E38BDE-AE82-40C3-B108-9A17E5A9D19C}.Release|Any CPU.ActiveCfg = Release|x86
		{90E38BDE-AE82-40C3-B108-9A17E5A9D19C}.Release|ARM.ActiveCfg = Release|ARM
		{90E38BDE-AE82-40C3-B108-9A17E5A9D19C}.Release|ARM.Build.0 = Release|ARM
		{90E38BDE-AE82-40C3-B108-9A17E5A9D19C}.Release|ARM.Deploy.0 = Release|ARM
		{90E38BDE-AE82-40C3-B108-9A17E5A9D19C}.Release|iPhone.ActiveCfg = Release|x86
		{90E38BDE-AE82-40C3-B108-9A17E5A9D19C}.Release|iPhoneSimulator.ActiveCfg = Release|x86
		{90E38BDE-AE82-40C3-B108-9A17E5A9D19C}.Release|x64.ActiveCfg = Release|x64
		{90E38BDE-AE82-40C3-B108-9A17E5A9D19C}.Release|x64.Build.0 = Release|x64
		{90E38BDE-AE82-40C3-B108-9A17E5A9D19C}.Release|x64.Deploy.0 = Release|x64
		{90E38BDE-AE82-40C3-B108-9A17E5A9D19C}.Release|x86.ActiveCfg = Release|x86
		{90E38BDE-AE82-40C3-B108-9A17E5A9D19C}.Release|x86.Build.0 = Release|x86
		{90E38BDE-AE82-40C3-B108-9A17E5A9D19C}.Release|x86.Deploy.0 = Release|x86
		{20FDA6ED-B68E-4610-807B-F358668F181E}.Ad-Hoc|Any CPU.ActiveCfg = Release|Any CPU
		{20FDA6ED-B68E-4610-807B-F358668F181E}.Ad-Hoc|Any CPU.Build.0 = Release|Any CPU
		{20FDA6ED-B68E-4610-807B-F358668F181E}.Ad-Hoc|Any CPU.Deploy.0 = Release|Any CPU
		{20FDA6ED-B68E-4610-807B-F358668F181E}.Ad-Hoc|ARM.ActiveCfg = Release|Any CPU
		{20FDA6ED-B68E-4610-807B-F358668F181E}.Ad-Hoc|ARM.Build.0 = Release|Any CPU
		{20FDA6ED-B68E-4610-807B-F358668F181E}.Ad-Hoc|ARM.Deploy.0 = Release|Any CPU
		{20FDA6ED-B68E-4610-807B-F358668F181E}.Ad-Hoc|iPhone.ActiveCfg = Release|Any CPU
		{20FDA6ED-B68E-4610-807B-F358668F181E}.Ad-Hoc|iPhone.Build.0 = Release|Any CPU
		{20FDA6ED-B68E-4610-807B-F358668F181E}.Ad-Hoc|iPhone.Deploy.0 = Release|Any CPU
		{20FDA6ED-B68E-4610-807B-F358668F181E}.Ad-Hoc|iPhoneSimulator.ActiveCfg = Release|Any CPU
		{20FDA6ED-B68E-4610-807B-F358668F181E}.Ad-Hoc|iPhoneSimulator.Build.0 = Release|Any CPU
		{20FDA6ED-B68E-4610-807B-F358668F181E}.Ad-Hoc|iPhoneSimulator.Deploy.0 = Release|Any CPU
		{20FDA6ED-B68E-4610-807B-F358668F181E}.Ad-Hoc|x64.ActiveCfg = Release|Any CPU
		{20FDA6ED-B68E-4610-807B-F358668F181E}.Ad-Hoc|x64.Build.0 = Release|Any CPU
		{20FDA6ED-B68E-4610-807B-F358668F181E}.Ad-Hoc|x64.Deploy.0 = Release|Any CPU
		{20FDA6ED-B68E-4610-807B-F358668F181E}.Ad-Hoc|x86.ActiveCfg = Release|Any CPU
		{20FDA6ED-B68E-4610-807B-F358668F181E}.Ad-Hoc|x86.Build.0 = Release|Any CPU
		{20FDA6ED-B68E-4610-807B-F358668F181E}.Ad-Hoc|x86.Deploy.0 = Release|Any CPU
		{20FDA6ED-B68E-4610-807B-F358668F181E}.AppStore|Any CPU.ActiveCfg = Release|Any CPU
		{20FDA6ED-B68E-4610-807B-F358668F181E}.AppStore|Any CPU.Build.0 = Release|Any CPU
		{20FDA6ED-B68E-4610-807B-F358668F181E}.AppStore|Any CPU.Deploy.0 = Release|Any CPU
		{20FDA6ED-B68E-4610-807B-F358668F181E}.AppStore|ARM.ActiveCfg = Release|Any CPU
		{20FDA6ED-B68E-4610-807B-F358668F181E}.AppStore|ARM.Build.0 = Release|Any CPU
		{20FDA6ED-B68E-4610-807B-F358668F181E}.AppStore|ARM.Deploy.0 = Release|Any CPU
		{20FDA6ED-B68E-4610-807B-F358668F181E}.AppStore|iPhone.ActiveCfg = Release|Any CPU
		{20FDA6ED-B68E-4610-807B-F358668F181E}.AppStore|iPhone.Build.0 = Release|Any CPU
		{20FDA6ED-B68E-4610-807B-F358668F181E}.AppStore|iPhone.Deploy.0 = Release|Any CPU
		{20FDA6ED-B68E-4610-807B-F358668F181E}.AppStore|iPhoneSimulator.ActiveCfg = Release|Any CPU
		{20FDA6ED-B68E-4610-807B-F358668F181E}.AppStore|iPhoneSimulator.Build.0 = Release|Any CPU
		{20FDA6ED-B68E-4610-807B-F358668F181E}.AppStore|iPhoneSimulator.Deploy.0 = Release|Any CPU
		{20FDA6ED-B68E-4610-807B-F358668F181E}.AppStore|x64.ActiveCfg = Release|Any CPU
		{20FDA6ED-B68E-4610-807B-F358668F181E}.AppStore|x64.Build.0 = Release|Any CPU
		{20FDA6ED-B68E-4610-807B-F358668F181E}.AppStore|x64.Deploy.0 = Release|Any CPU
		{20FDA6ED-B68E-4610-807B-F358668F181E}.AppStore|x86.ActiveCfg = Release|Any CPU
		{20FDA6ED-B68E-4610-807B-F358668F181E}.AppStore|x86.Build.0 = Release|Any CPU
		{20FDA6ED-B68E-4610-807B-F358668F181E}.AppStore|x86.Deploy.0 = Release|Any CPU
		{20FDA6ED-B68E-4610-807B-F358668F181E}.Debug|Any CPU.ActiveCfg = Debug|Any CPU
		{20FDA6ED-B68E-4610-807B-F358668F181E}.Debug|Any CPU.Build.0 = Debug|Any CPU
		{20FDA6ED-B68E-4610-807B-F358668F181E}.Debug|Any CPU.Deploy.0 = Debug|Any CPU
		{20FDA6ED-B68E-4610-807B-F358668F181E}.Debug|ARM.ActiveCfg = Debug|Any CPU
		{20FDA6ED-B68E-4610-807B-F358668F181E}.Debug|ARM.Build.0 = Debug|Any CPU
		{20FDA6ED-B68E-4610-807B-F358668F181E}.Debug|ARM.Deploy.0 = Debug|Any CPU
		{20FDA6ED-B68E-4610-807B-F358668F181E}.Debug|iPhone.ActiveCfg = Debug|Any CPU
		{20FDA6ED-B68E-4610-807B-F358668F181E}.Debug|iPhone.Build.0 = Debug|Any CPU
		{20FDA6ED-B68E-4610-807B-F358668F181E}.Debug|iPhone.Deploy.0 = Debug|Any CPU
		{20FDA6ED-B68E-4610-807B-F358668F181E}.Debug|iPhoneSimulator.ActiveCfg = Debug|Any CPU
		{20FDA6ED-B68E-4610-807B-F358668F181E}.Debug|iPhoneSimulator.Build.0 = Debug|Any CPU
		{20FDA6ED-B68E-4610-807B-F358668F181E}.Debug|iPhoneSimulator.Deploy.0 = Debug|Any CPU
		{20FDA6ED-B68E-4610-807B-F358668F181E}.Debug|x64.ActiveCfg = Debug|Any CPU
		{20FDA6ED-B68E-4610-807B-F358668F181E}.Debug|x64.Build.0 = Debug|Any CPU
		{20FDA6ED-B68E-4610-807B-F358668F181E}.Debug|x64.Deploy.0 = Debug|Any CPU
		{20FDA6ED-B68E-4610-807B-F358668F181E}.Debug|x86.ActiveCfg = Debug|Any CPU
		{20FDA6ED-B68E-4610-807B-F358668F181E}.Debug|x86.Build.0 = Debug|Any CPU
		{20FDA6ED-B68E-4610-807B-F358668F181E}.Debug|x86.Deploy.0 = Debug|Any CPU
		{20FDA6ED-B68E-4610-807B-F358668F181E}.Release|Any CPU.ActiveCfg = Release|Any CPU
		{20FDA6ED-B68E-4610-807B-F358668F181E}.Release|Any CPU.Build.0 = Release|Any CPU
		{20FDA6ED-B68E-4610-807B-F358668F181E}.Release|Any CPU.Deploy.0 = Release|Any CPU
		{20FDA6ED-B68E-4610-807B-F358668F181E}.Release|ARM.ActiveCfg = Release|Any CPU
		{20FDA6ED-B68E-4610-807B-F358668F181E}.Release|ARM.Build.0 = Release|Any CPU
		{20FDA6ED-B68E-4610-807B-F358668F181E}.Release|ARM.Deploy.0 = Release|Any CPU
		{20FDA6ED-B68E-4610-807B-F358668F181E}.Release|iPhone.ActiveCfg = Release|Any CPU
		{20FDA6ED-B68E-4610-807B-F358668F181E}.Release|iPhone.Build.0 = Release|Any CPU
		{20FDA6ED-B68E-4610-807B-F358668F181E}.Release|iPhone.Deploy.0 = Release|Any CPU
		{20FDA6ED-B68E-4610-807B-F358668F181E}.Release|iPhoneSimulator.ActiveCfg = Release|Any CPU
		{20FDA6ED-B68E-4610-807B-F358668F181E}.Release|iPhoneSimulator.Build.0 = Release|Any CPU
		{20FDA6ED-B68E-4610-807B-F358668F181E}.Release|iPhoneSimulator.Deploy.0 = Release|Any CPU
		{20FDA6ED-B68E-4610-807B-F358668F181E}.Release|x64.ActiveCfg = Release|Any CPU
		{20FDA6ED-B68E-4610-807B-F358668F181E}.Release|x64.Build.0 = Release|Any CPU
		{20FDA6ED-B68E-4610-807B-F358668F181E}.Release|x64.Deploy.0 = Release|Any CPU
		{20FDA6ED-B68E-4610-807B-F358668F181E}.Release|x86.ActiveCfg = Release|Any CPU
		{20FDA6ED-B68E-4610-807B-F358668F181E}.Release|x86.Build.0 = Release|Any CPU
		{20FDA6ED-B68E-4610-807B-F358668F181E}.Release|x86.Deploy.0 = Release|Any CPU
		{B445DF73-AC9E-4276-9FBA-7CB5AD5D2518}.Ad-Hoc|Any CPU.ActiveCfg = Release|Any CPU
		{B445DF73-AC9E-4276-9FBA-7CB5AD5D2518}.Ad-Hoc|Any CPU.Build.0 = Release|Any CPU
		{B445DF73-AC9E-4276-9FBA-7CB5AD5D2518}.Ad-Hoc|ARM.ActiveCfg = Release|Any CPU
		{B445DF73-AC9E-4276-9FBA-7CB5AD5D2518}.Ad-Hoc|ARM.Build.0 = Release|Any CPU
		{B445DF73-AC9E-4276-9FBA-7CB5AD5D2518}.Ad-Hoc|iPhone.ActiveCfg = Release|Any CPU
		{B445DF73-AC9E-4276-9FBA-7CB5AD5D2518}.Ad-Hoc|iPhone.Build.0 = Release|Any CPU
		{B445DF73-AC9E-4276-9FBA-7CB5AD5D2518}.Ad-Hoc|iPhoneSimulator.ActiveCfg = Release|Any CPU
		{B445DF73-AC9E-4276-9FBA-7CB5AD5D2518}.Ad-Hoc|iPhoneSimulator.Build.0 = Release|Any CPU
		{B445DF73-AC9E-4276-9FBA-7CB5AD5D2518}.Ad-Hoc|x64.ActiveCfg = Release|Any CPU
		{B445DF73-AC9E-4276-9FBA-7CB5AD5D2518}.Ad-Hoc|x64.Build.0 = Release|Any CPU
		{B445DF73-AC9E-4276-9FBA-7CB5AD5D2518}.Ad-Hoc|x86.ActiveCfg = Release|Any CPU
		{B445DF73-AC9E-4276-9FBA-7CB5AD5D2518}.Ad-Hoc|x86.Build.0 = Release|Any CPU
		{B445DF73-AC9E-4276-9FBA-7CB5AD5D2518}.AppStore|Any CPU.ActiveCfg = Release|Any CPU
		{B445DF73-AC9E-4276-9FBA-7CB5AD5D2518}.AppStore|Any CPU.Build.0 = Release|Any CPU
		{B445DF73-AC9E-4276-9FBA-7CB5AD5D2518}.AppStore|ARM.ActiveCfg = Release|Any CPU
		{B445DF73-AC9E-4276-9FBA-7CB5AD5D2518}.AppStore|ARM.Build.0 = Release|Any CPU
		{B445DF73-AC9E-4276-9FBA-7CB5AD5D2518}.AppStore|iPhone.ActiveCfg = Release|Any CPU
		{B445DF73-AC9E-4276-9FBA-7CB5AD5D2518}.AppStore|iPhone.Build.0 = Release|Any CPU
		{B445DF73-AC9E-4276-9FBA-7CB5AD5D2518}.AppStore|iPhoneSimulator.ActiveCfg = Release|Any CPU
		{B445DF73-AC9E-4276-9FBA-7CB5AD5D2518}.AppStore|iPhoneSimulator.Build.0 = Release|Any CPU
		{B445DF73-AC9E-4276-9FBA-7CB5AD5D2518}.AppStore|x64.ActiveCfg = Release|Any CPU
		{B445DF73-AC9E-4276-9FBA-7CB5AD5D2518}.AppStore|x64.Build.0 = Release|Any CPU
		{B445DF73-AC9E-4276-9FBA-7CB5AD5D2518}.AppStore|x86.ActiveCfg = Release|Any CPU
		{B445DF73-AC9E-4276-9FBA-7CB5AD5D2518}.AppStore|x86.Build.0 = Release|Any CPU
		{B445DF73-AC9E-4276-9FBA-7CB5AD5D2518}.Debug|Any CPU.ActiveCfg = Debug|Any CPU
		{B445DF73-AC9E-4276-9FBA-7CB5AD5D2518}.Debug|Any CPU.Build.0 = Debug|Any CPU
		{B445DF73-AC9E-4276-9FBA-7CB5AD5D2518}.Debug|ARM.ActiveCfg = Debug|Any CPU
		{B445DF73-AC9E-4276-9FBA-7CB5AD5D2518}.Debug|ARM.Build.0 = Debug|Any CPU
		{B445DF73-AC9E-4276-9FBA-7CB5AD5D2518}.Debug|iPhone.ActiveCfg = Debug|Any CPU
		{B445DF73-AC9E-4276-9FBA-7CB5AD5D2518}.Debug|iPhone.Build.0 = Debug|Any CPU
		{B445DF73-AC9E-4276-9FBA-7CB5AD5D2518}.Debug|iPhoneSimulator.ActiveCfg = Debug|Any CPU
		{B445DF73-AC9E-4276-9FBA-7CB5AD5D2518}.Debug|iPhoneSimulator.Build.0 = Debug|Any CPU
		{B445DF73-AC9E-4276-9FBA-7CB5AD5D2518}.Debug|x64.ActiveCfg = Debug|Any CPU
		{B445DF73-AC9E-4276-9FBA-7CB5AD5D2518}.Debug|x64.Build.0 = Debug|Any CPU
		{B445DF73-AC9E-4276-9FBA-7CB5AD5D2518}.Debug|x86.ActiveCfg = Debug|Any CPU
		{B445DF73-AC9E-4276-9FBA-7CB5AD5D2518}.Debug|x86.Build.0 = Debug|Any CPU
		{B445DF73-AC9E-4276-9FBA-7CB5AD5D2518}.Release|Any CPU.ActiveCfg = Release|Any CPU
		{B445DF73-AC9E-4276-9FBA-7CB5AD5D2518}.Release|Any CPU.Build.0 = Release|Any CPU
		{B445DF73-AC9E-4276-9FBA-7CB5AD5D2518}.Release|ARM.ActiveCfg = Release|Any CPU
		{B445DF73-AC9E-4276-9FBA-7CB5AD5D2518}.Release|ARM.Build.0 = Release|Any CPU
		{B445DF73-AC9E-4276-9FBA-7CB5AD5D2518}.Release|iPhone.ActiveCfg = Release|Any CPU
		{B445DF73-AC9E-4276-9FBA-7CB5AD5D2518}.Release|iPhone.Build.0 = Release|Any CPU
		{B445DF73-AC9E-4276-9FBA-7CB5AD5D2518}.Release|iPhoneSimulator.ActiveCfg = Release|Any CPU
		{B445DF73-AC9E-4276-9FBA-7CB5AD5D2518}.Release|iPhoneSimulator.Build.0 = Release|Any CPU
		{B445DF73-AC9E-4276-9FBA-7CB5AD5D2518}.Release|x64.ActiveCfg = Release|Any CPU
		{B445DF73-AC9E-4276-9FBA-7CB5AD5D2518}.Release|x64.Build.0 = Release|Any CPU
		{B445DF73-AC9E-4276-9FBA-7CB5AD5D2518}.Release|x86.ActiveCfg = Release|Any CPU
		{B445DF73-AC9E-4276-9FBA-7CB5AD5D2518}.Release|x86.Build.0 = Release|Any CPU
	EndGlobalSection
	GlobalSection(SolutionProperties) = preSolution
		HideSolutionNode = FALSE
	EndGlobalSection
	GlobalSection(ExtensibilityGlobals) = postSolution
		SolutionGuid = {F6D05029-56B8-4E45-AF2D-0E76295DDBA2}
	EndGlobalSection
EndGlobal
