
Microsoft Visual Studio Solution File, Format Version 12.00
# Visual Studio Version 16
VisualStudioVersion = 16.0.28803.156
MinimumVisualStudioVersion = 10.0.40219.1
Project("{9A19103F-16F7-4668-BE54-9A1E7A4F7556}") = "LibVLCSharp.formatter", "LibVLCSharp\LibVLCSharp.formatter.csproj", "{55C67651-4DB6-4B17-B4CF-1FDAD3891631}"
EndProject
Global
	GlobalSection(SolutionConfigurationPlatforms) = preSolution
		Debug|Any CPU = Debug|Any CPU
		Release|Any CPU = Release|Any CPU
	EndGlobalSection
	GlobalSection(ProjectConfigurationPlatforms) = postSolution
		{55C67651-4DB6-4B17-B4CF-1FDAD3891631}.Debug|Any CPU.ActiveCfg = Debug|Any CPU
		{55C67651-4DB6-4B17-B4CF-1FDAD3891631}.Debug|Any CPU.Build.0 = Debug|Any CPU
		{55C67651-4DB6-4B17-B4CF-1FDAD3891631}.Release|Any CPU.ActiveCfg = Release|Any CPU
		{55C67651-4DB6-4B17-B4CF-1FDAD3891631}.Release|Any CPU.Build.0 = Release|Any CPU
	EndGlobalSection
	GlobalSection(SolutionProperties) = preSolution
		HideSolutionNode = FALSE
	EndGlobalSection
	GlobalSection(ExtensibilityGlobals) = postSolution
		SolutionGuid = {89D5836F-D46F-425A-94F1-E52BF1E3FD0B}
	EndGlobalSection
EndGlobal
