
Microsoft Visual Studio Solution File, Format Version 12.00
# Visual Studio Version 17
VisualStudioVersion = 17.0.31903.59
MinimumVisualStudioVersion = 10.0.40219.1
Project("{9A19103F-16F7-4668-BE54-9A1E7A4F7556}") = "LibVLCSharp", "LibVLCSharp\LibVLCSharp.csproj", "{D1C3B7C4-713B-46B2-B33A-E9298C819921}"
EndProject
Project("{2150E333-8FDC-42A3-9474-1A3956D46DE8}") = "Solution Items", "Solution Items", "{A5F2B2E4-7F93-4919-89F6-EEAB5D1C0AA7}"
	ProjectSection(SolutionItems) = preProject
		Directory.Build.props = Directory.Build.props
		global.json = global.json
	EndProjectSection
EndProject
Project("{2150E333-8FDC-42A3-9474-1A3956D46DE8}") = "Samples", "Samples", "{799A84A2-2161-4676-878B-5610E3586137}"
EndProject
Project("{9A19103F-16F7-4668-BE54-9A1E7A4F7556}") = "LibVLCSharp.WPF.Sample", "..\samples\LibVLCSharp.WPF.Sample\LibVLCSharp.WPF.Sample.csproj", "{01CCB934-B77F-4681-86C5-AE4FEE648238}"
EndProject
Project("{9A19103F-16F7-4668-BE54-9A1E7A4F7556}") = "LibVLCSharp.NetCore.Sample", "..\samples\LibVLCSharp.NetCore.Sample\LibVLCSharp.NetCore.Sample.csproj", "{E9858A83-E619-4515-AF14-A87A4C658924}"
EndProject
Project("{9A19103F-16F7-4668-BE54-9A1E7A4F7556}") = "LibVLCSharp.Avalonia", "LibVLCSharp.Avalonia\LibVLCSharp.Avalonia.csproj", "{59184DC2-9F32-4CC3-852F-75348D14F5DA}"
EndProject
Project("{9A19103F-16F7-4668-BE54-9A1E7A4F7556}") = "LibVLCSharp.WPF", "LibVLCSharp.WPF\LibVLCSharp.WPF.csproj", "{7A63D691-F205-4805-A118-D0CD7EF4268C}"
EndProject
Project("{9A19103F-16F7-4668-BE54-9A1E7A4F7556}") = "LibVLCSharp.WinForms", "LibVLCSharp.WinForms\LibVLCSharp.WinForms.csproj", "{66420176-ADD8-4407-9530-4F15676EFFD1}"
EndProject
Project("{9A19103F-16F7-4668-BE54-9A1E7A4F7556}") = "LibVLCSharp.WinForms.Sample", "..\samples\LibVLCSharp.WinForms.Sample\LibVLCSharp.WinForms.Sample.csproj", "{65A8ECFD-4D73-48A3-A05E-3D8807FEB0C2}"
EndProject
Project("{9A19103F-16F7-4668-BE54-9A1E7A4F7556}") = "LibVLCSharp.Avalonia.Sample", "..\samples\LibVLCSharp.Avalonia.Sample\LibVLCSharp.Avalonia.Sample.csproj", "{4B5837B1-CEA4-47F8-AB7A-1CF8704654A2}"
EndProject
Global
	GlobalSection(SolutionConfigurationPlatforms) = preSolution
		Win32Debug|Any CPU = Win32Debug|Any CPU
		Win32Debug|ARM = Win32Debug|ARM
		Win32Debug|ARM64 = Win32Debug|ARM64
		Win32Debug|x64 = Win32Debug|x64
		Win32Debug|x86 = Win32Debug|x86
		Win32Release|Any CPU = Win32Release|Any CPU
		Win32Release|ARM = Win32Release|ARM
		Win32Release|ARM64 = Win32Release|ARM64
		Win32Release|x64 = Win32Release|x64
		Win32Release|x86 = Win32Release|x86
	EndGlobalSection
	GlobalSection(ProjectConfigurationPlatforms) = postSolution
		{D1C3B7C4-713B-46B2-B33A-E9298C819921}.Win32Debug|Any CPU.ActiveCfg = Win32Debug|Any CPU
		{D1C3B7C4-713B-46B2-B33A-E9298C819921}.Win32Debug|Any CPU.Build.0 = Win32Debug|Any CPU
		{D1C3B7C4-713B-46B2-B33A-E9298C819921}.Win32Debug|ARM.ActiveCfg = Win32Debug|Any CPU
		{D1C3B7C4-713B-46B2-B33A-E9298C819921}.Win32Debug|ARM.Build.0 = Win32Debug|Any CPU
		{D1C3B7C4-713B-46B2-B33A-E9298C819921}.Win32Debug|ARM64.ActiveCfg = Win32Debug|Any CPU
		{D1C3B7C4-713B-46B2-B33A-E9298C819921}.Win32Debug|ARM64.Build.0 = Win32Debug|Any CPU
		{D1C3B7C4-713B-46B2-B33A-E9298C819921}.Win32Debug|x64.ActiveCfg = Win32Debug|Any CPU
		{D1C3B7C4-713B-46B2-B33A-E9298C819921}.Win32Debug|x64.Build.0 = Win32Debug|Any CPU
		{D1C3B7C4-713B-46B2-B33A-E9298C819921}.Win32Debug|x86.ActiveCfg = Win32Debug|Any CPU
		{D1C3B7C4-713B-46B2-B33A-E9298C819921}.Win32Debug|x86.Build.0 = Win32Debug|Any CPU
		{D1C3B7C4-713B-46B2-B33A-E9298C819921}.Win32Release|Any CPU.ActiveCfg = Win32Release|Any CPU
		{D1C3B7C4-713B-46B2-B33A-E9298C819921}.Win32Release|Any CPU.Build.0 = Win32Release|Any CPU
		{D1C3B7C4-713B-46B2-B33A-E9298C819921}.Win32Release|ARM.ActiveCfg = Win32Release|Any CPU
		{D1C3B7C4-713B-46B2-B33A-E9298C819921}.Win32Release|ARM.Build.0 = Win32Release|Any CPU
		{D1C3B7C4-713B-46B2-B33A-E9298C819921}.Win32Release|ARM64.ActiveCfg = Win32Release|Any CPU
		{D1C3B7C4-713B-46B2-B33A-E9298C819921}.Win32Release|ARM64.Build.0 = Win32Release|Any CPU
		{D1C3B7C4-713B-46B2-B33A-E9298C819921}.Win32Release|x64.ActiveCfg = Win32Release|Any CPU
		{D1C3B7C4-713B-46B2-B33A-E9298C819921}.Win32Release|x64.Build.0 = Win32Release|Any CPU
		{D1C3B7C4-713B-46B2-B33A-E9298C819921}.Win32Release|x86.ActiveCfg = Win32Release|Any CPU
		{D1C3B7C4-713B-46B2-B33A-E9298C819921}.Win32Release|x86.Build.0 = Win32Release|Any CPU
		{01CCB934-B77F-4681-86C5-AE4FEE648238}.Win32Debug|Any CPU.ActiveCfg = Debug|Any CPU
		{01CCB934-B77F-4681-86C5-AE4FEE648238}.Win32Debug|Any CPU.Build.0 = Debug|Any CPU
		{01CCB934-B77F-4681-86C5-AE4FEE648238}.Win32Debug|ARM.ActiveCfg = Debug|Any CPU
		{01CCB934-B77F-4681-86C5-AE4FEE648238}.Win32Debug|ARM.Build.0 = Debug|Any CPU
		{01CCB934-B77F-4681-86C5-AE4FEE648238}.Win32Debug|ARM64.ActiveCfg = Debug|Any CPU
		{01CCB934-B77F-4681-86C5-AE4FEE648238}.Win32Debug|ARM64.Build.0 = Debug|Any CPU
		{01CCB934-B77F-4681-86C5-AE4FEE648238}.Win32Debug|x64.ActiveCfg = Debug|Any CPU
		{01CCB934-B77F-4681-86C5-AE4FEE648238}.Win32Debug|x64.Build.0 = Debug|Any CPU
		{01CCB934-B77F-4681-86C5-AE4FEE648238}.Win32Debug|x86.ActiveCfg = Debug|Any CPU
		{01CCB934-B77F-4681-86C5-AE4FEE648238}.Win32Debug|x86.Build.0 = Debug|Any CPU
		{01CCB934-B77F-4681-86C5-AE4FEE648238}.Win32Release|Any CPU.ActiveCfg = Release|Any CPU
		{01CCB934-B77F-4681-86C5-AE4FEE648238}.Win32Release|Any CPU.Build.0 = Release|Any CPU
		{01CCB934-B77F-4681-86C5-AE4FEE648238}.Win32Release|ARM.ActiveCfg = Win32Release|Any CPU
		{01CCB934-B77F-4681-86C5-AE4FEE648238}.Win32Release|ARM.Build.0 = Win32Release|Any CPU
		{01CCB934-B77F-4681-86C5-AE4FEE648238}.Win32Release|ARM64.ActiveCfg = Win32Release|Any CPU
		{01CCB934-B77F-4681-86C5-AE4FEE648238}.Win32Release|ARM64.Build.0 = Win32Release|Any CPU
		{01CCB934-B77F-4681-86C5-AE4FEE648238}.Win32Release|x64.ActiveCfg = Win32Release|Any CPU
		{01CCB934-B77F-4681-86C5-AE4FEE648238}.Win32Release|x64.Build.0 = Win32Release|Any CPU
		{01CCB934-B77F-4681-86C5-AE4FEE648238}.Win32Release|x86.ActiveCfg = Win32Release|Any CPU
		{01CCB934-B77F-4681-86C5-AE4FEE648238}.Win32Release|x86.Build.0 = Win32Release|Any CPU
		{E9858A83-E619-4515-AF14-A87A4C658924}.Win32Debug|Any CPU.ActiveCfg = Debug|Any CPU
		{E9858A83-E619-4515-AF14-A87A4C658924}.Win32Debug|Any CPU.Build.0 = Debug|Any CPU
		{E9858A83-E619-4515-AF14-A87A4C658924}.Win32Debug|ARM.ActiveCfg = Debug|Any CPU
		{E9858A83-E619-4515-AF14-A87A4C658924}.Win32Debug|ARM.Build.0 = Debug|Any CPU
		{E9858A83-E619-4515-AF14-A87A4C658924}.Win32Debug|ARM64.ActiveCfg = Debug|Any CPU
		{E9858A83-E619-4515-AF14-A87A4C658924}.Win32Debug|ARM64.Build.0 = Debug|Any CPU
		{E9858A83-E619-4515-AF14-A87A4C658924}.Win32Debug|x64.ActiveCfg = Debug|x64
		{E9858A83-E619-4515-AF14-A87A4C658924}.Win32Debug|x64.Build.0 = Debug|x64
		{E9858A83-E619-4515-AF14-A87A4C658924}.Win32Debug|x86.ActiveCfg = Debug|x86
		{E9858A83-E619-4515-AF14-A87A4C658924}.Win32Debug|x86.Build.0 = Debug|x86
		{E9858A83-E619-4515-AF14-A87A4C658924}.Win32Release|Any CPU.ActiveCfg = Release|Any CPU
		{E9858A83-E619-4515-AF14-A87A4C658924}.Win32Release|Any CPU.Build.0 = Release|Any CPU
		{E9858A83-E619-4515-AF14-A87A4C658924}.Win32Release|ARM.ActiveCfg = Win32Release|Any CPU
		{E9858A83-E619-4515-AF14-A87A4C658924}.Win32Release|ARM.Build.0 = Win32Release|Any CPU
		{E9858A83-E619-4515-AF14-A87A4C658924}.Win32Release|ARM64.ActiveCfg = Win32Release|Any CPU
		{E9858A83-E619-4515-AF14-A87A4C658924}.Win32Release|ARM64.Build.0 = Win32Release|Any CPU
		{E9858A83-E619-4515-AF14-A87A4C658924}.Win32Release|x64.ActiveCfg = Win32Release|x64
		{E9858A83-E619-4515-AF14-A87A4C658924}.Win32Release|x64.Build.0 = Win32Release|x64
		{E9858A83-E619-4515-AF14-A87A4C658924}.Win32Release|x86.ActiveCfg = Win32Release|x86
		{E9858A83-E619-4515-AF14-A87A4C658924}.Win32Release|x86.Build.0 = Win32Release|x86
		{59184DC2-9F32-4CC3-852F-75348D14F5DA}.Win32Debug|Any CPU.ActiveCfg = Debug|Any CPU
		{59184DC2-9F32-4CC3-852F-75348D14F5DA}.Win32Debug|Any CPU.Build.0 = Debug|Any CPU
		{59184DC2-9F32-4CC3-852F-75348D14F5DA}.Win32Debug|ARM.ActiveCfg = Debug|Any CPU
		{59184DC2-9F32-4CC3-852F-75348D14F5DA}.Win32Debug|ARM.Build.0 = Debug|Any CPU
		{59184DC2-9F32-4CC3-852F-75348D14F5DA}.Win32Debug|ARM64.ActiveCfg = Debug|Any CPU
		{59184DC2-9F32-4CC3-852F-75348D14F5DA}.Win32Debug|ARM64.Build.0 = Debug|Any CPU
		{59184DC2-9F32-4CC3-852F-75348D14F5DA}.Win32Debug|x64.ActiveCfg = Debug|Any CPU
		{59184DC2-9F32-4CC3-852F-75348D14F5DA}.Win32Debug|x64.Build.0 = Debug|Any CPU
		{59184DC2-9F32-4CC3-852F-75348D14F5DA}.Win32Debug|x86.ActiveCfg = Debug|Any CPU
		{59184DC2-9F32-4CC3-852F-75348D14F5DA}.Win32Debug|x86.Build.0 = Debug|Any CPU
		{59184DC2-9F32-4CC3-852F-75348D14F5DA}.Win32Release|Any CPU.ActiveCfg = Release|Any CPU
		{59184DC2-9F32-4CC3-852F-75348D14F5DA}.Win32Release|Any CPU.Build.0 = Release|Any CPU
		{59184DC2-9F32-4CC3-852F-75348D14F5DA}.Win32Release|ARM.ActiveCfg = Win32Release|Any CPU
		{59184DC2-9F32-4CC3-852F-75348D14F5DA}.Win32Release|ARM.Build.0 = Win32Release|Any CPU
		{59184DC2-9F32-4CC3-852F-75348D14F5DA}.Win32Release|ARM64.ActiveCfg = Win32Release|Any CPU
		{59184DC2-9F32-4CC3-852F-75348D14F5DA}.Win32Release|ARM64.Build.0 = Win32Release|Any CPU
		{59184DC2-9F32-4CC3-852F-75348D14F5DA}.Win32Release|x64.ActiveCfg = Win32Release|Any CPU
		{59184DC2-9F32-4CC3-852F-75348D14F5DA}.Win32Release|x64.Build.0 = Win32Release|Any CPU
		{59184DC2-9F32-4CC3-852F-75348D14F5DA}.Win32Release|x86.ActiveCfg = Win32Release|Any CPU
		{59184DC2-9F32-4CC3-852F-75348D14F5DA}.Win32Release|x86.Build.0 = Win32Release|Any CPU
		{7A63D691-F205-4805-A118-D0CD7EF4268C}.Win32Debug|Any CPU.ActiveCfg = Win32Debug|Any CPU
		{7A63D691-F205-4805-A118-D0CD7EF4268C}.Win32Debug|Any CPU.Build.0 = Win32Debug|Any CPU
		{7A63D691-F205-4805-A118-D0CD7EF4268C}.Win32Debug|ARM.ActiveCfg = Debug|Any CPU
		{7A63D691-F205-4805-A118-D0CD7EF4268C}.Win32Debug|ARM.Build.0 = Debug|Any CPU
		{7A63D691-F205-4805-A118-D0CD7EF4268C}.Win32Debug|ARM64.ActiveCfg = Debug|Any CPU
		{7A63D691-F205-4805-A118-D0CD7EF4268C}.Win32Debug|ARM64.Build.0 = Debug|Any CPU
		{7A63D691-F205-4805-A118-D0CD7EF4268C}.Win32Debug|x64.ActiveCfg = Debug|Any CPU
		{7A63D691-F205-4805-A118-D0CD7EF4268C}.Win32Debug|x64.Build.0 = Debug|Any CPU
		{7A63D691-F205-4805-A118-D0CD7EF4268C}.Win32Debug|x86.ActiveCfg = Debug|Any CPU
		{7A63D691-F205-4805-A118-D0CD7EF4268C}.Win32Debug|x86.Build.0 = Debug|Any CPU
		{7A63D691-F205-4805-A118-D0CD7EF4268C}.Win32Release|Any CPU.ActiveCfg = Win32Release|Any CPU
		{7A63D691-F205-4805-A118-D0CD7EF4268C}.Win32Release|Any CPU.Build.0 = Win32Release|Any CPU
		{7A63D691-F205-4805-A118-D0CD7EF4268C}.Win32Release|ARM.ActiveCfg = Win32Release|Any CPU
		{7A63D691-F205-4805-A118-D0CD7EF4268C}.Win32Release|ARM.Build.0 = Win32Release|Any CPU
		{7A63D691-F205-4805-A118-D0CD7EF4268C}.Win32Release|ARM64.ActiveCfg = Win32Release|Any CPU
		{7A63D691-F205-4805-A118-D0CD7EF4268C}.Win32Release|ARM64.Build.0 = Win32Release|Any CPU
		{7A63D691-F205-4805-A118-D0CD7EF4268C}.Win32Release|x64.ActiveCfg = Win32Release|Any CPU
		{7A63D691-F205-4805-A118-D0CD7EF4268C}.Win32Release|x64.Build.0 = Win32Release|Any CPU
		{7A63D691-F205-4805-A118-D0CD7EF4268C}.Win32Release|x86.ActiveCfg = Win32Release|Any CPU
		{7A63D691-F205-4805-A118-D0CD7EF4268C}.Win32Release|x86.Build.0 = Win32Release|Any CPU
		{66420176-ADD8-4407-9530-4F15676EFFD1}.Win32Debug|Any CPU.ActiveCfg = Win32Debug|Any CPU
		{66420176-ADD8-4407-9530-4F15676EFFD1}.Win32Debug|Any CPU.Build.0 = Win32Debug|Any CPU
		{66420176-ADD8-4407-9530-4F15676EFFD1}.Win32Debug|ARM.ActiveCfg = Debug|Any CPU
		{66420176-ADD8-4407-9530-4F15676EFFD1}.Win32Debug|ARM.Build.0 = Debug|Any CPU
		{66420176-ADD8-4407-9530-4F15676EFFD1}.Win32Debug|ARM64.ActiveCfg = Debug|Any CPU
		{66420176-ADD8-4407-9530-4F15676EFFD1}.Win32Debug|ARM64.Build.0 = Debug|Any CPU
		{66420176-ADD8-4407-9530-4F15676EFFD1}.Win32Debug|x64.ActiveCfg = Debug|Any CPU
		{66420176-ADD8-4407-9530-4F15676EFFD1}.Win32Debug|x64.Build.0 = Debug|Any CPU
		{66420176-ADD8-4407-9530-4F15676EFFD1}.Win32Debug|x86.ActiveCfg = Debug|Any CPU
		{66420176-ADD8-4407-9530-4F15676EFFD1}.Win32Debug|x86.Build.0 = Debug|Any CPU
		{66420176-ADD8-4407-9530-4F15676EFFD1}.Win32Release|Any CPU.ActiveCfg = Win32Release|Any CPU
		{66420176-ADD8-4407-9530-4F15676EFFD1}.Win32Release|Any CPU.Build.0 = Win32Release|Any CPU
		{66420176-ADD8-4407-9530-4F15676EFFD1}.Win32Release|ARM.ActiveCfg = Win32Release|Any CPU
		{66420176-ADD8-4407-9530-4F15676EFFD1}.Win32Release|ARM.Build.0 = Win32Release|Any CPU
		{66420176-ADD8-4407-9530-4F15676EFFD1}.Win32Release|ARM64.ActiveCfg = Win32Release|Any CPU
		{66420176-ADD8-4407-9530-4F15676EFFD1}.Win32Release|ARM64.Build.0 = Win32Release|Any CPU
		{66420176-ADD8-4407-9530-4F15676EFFD1}.Win32Release|x64.ActiveCfg = Win32Release|Any CPU
		{66420176-ADD8-4407-9530-4F15676EFFD1}.Win32Release|x64.Build.0 = Win32Release|Any CPU
		{66420176-ADD8-4407-9530-4F15676EFFD1}.Win32Release|x86.ActiveCfg = Win32Release|Any CPU
		{66420176-ADD8-4407-9530-4F15676EFFD1}.Win32Release|x86.Build.0 = Win32Release|Any CPU
		{65A8ECFD-4D73-48A3-A05E-3D8807FEB0C2}.Win32Debug|Any CPU.ActiveCfg = Debug|Any CPU
		{65A8ECFD-4D73-48A3-A05E-3D8807FEB0C2}.Win32Debug|Any CPU.Build.0 = Debug|Any CPU
		{65A8ECFD-4D73-48A3-A05E-3D8807FEB0C2}.Win32Debug|ARM.ActiveCfg = Debug|Any CPU
		{65A8ECFD-4D73-48A3-A05E-3D8807FEB0C2}.Win32Debug|ARM.Build.0 = Debug|Any CPU
		{65A8ECFD-4D73-48A3-A05E-3D8807FEB0C2}.Win32Debug|ARM64.ActiveCfg = Debug|Any CPU
		{65A8ECFD-4D73-48A3-A05E-3D8807FEB0C2}.Win32Debug|ARM64.Build.0 = Debug|Any CPU
		{65A8ECFD-4D73-48A3-A05E-3D8807FEB0C2}.Win32Debug|x64.ActiveCfg = Debug|Any CPU
		{65A8ECFD-4D73-48A3-A05E-3D8807FEB0C2}.Win32Debug|x64.Build.0 = Debug|Any CPU
		{65A8ECFD-4D73-48A3-A05E-3D8807FEB0C2}.Win32Debug|x86.ActiveCfg = Debug|Any CPU
		{65A8ECFD-4D73-48A3-A05E-3D8807FEB0C2}.Win32Debug|x86.Build.0 = Debug|Any CPU
		{65A8ECFD-4D73-48A3-A05E-3D8807FEB0C2}.Win32Release|Any CPU.ActiveCfg = Release|Any CPU
		{65A8ECFD-4D73-48A3-A05E-3D8807FEB0C2}.Win32Release|Any CPU.Build.0 = Release|Any CPU
		{65A8ECFD-4D73-48A3-A05E-3D8807FEB0C2}.Win32Release|ARM.ActiveCfg = Win32Release|Any CPU
		{65A8ECFD-4D73-48A3-A05E-3D8807FEB0C2}.Win32Release|ARM.Build.0 = Win32Release|Any CPU
		{65A8ECFD-4D73-48A3-A05E-3D8807FEB0C2}.Win32Release|ARM64.ActiveCfg = Win32Release|Any CPU
		{65A8ECFD-4D73-48A3-A05E-3D8807FEB0C2}.Win32Release|ARM64.Build.0 = Win32Release|Any CPU
		{65A8ECFD-4D73-48A3-A05E-3D8807FEB0C2}.Win32Release|x64.ActiveCfg = Win32Release|Any CPU
		{65A8ECFD-4D73-48A3-A05E-3D8807FEB0C2}.Win32Release|x64.Build.0 = Win32Release|Any CPU
		{65A8ECFD-4D73-48A3-A05E-3D8807FEB0C2}.Win32Release|x86.ActiveCfg = Win32Release|Any CPU
		{65A8ECFD-4D73-48A3-A05E-3D8807FEB0C2}.Win32Release|x86.Build.0 = Win32Release|Any CPU
		{4B5837B1-CEA4-47F8-AB7A-1CF8704654A2}.Win32Debug|Any CPU.ActiveCfg = Debug|Any CPU
		{4B5837B1-CEA4-47F8-AB7A-1CF8704654A2}.Win32Debug|Any CPU.Build.0 = Debug|Any CPU
		{4B5837B1-CEA4-47F8-AB7A-1CF8704654A2}.Win32Debug|ARM.ActiveCfg = Debug|Any CPU
		{4B5837B1-CEA4-47F8-AB7A-1CF8704654A2}.Win32Debug|ARM.Build.0 = Debug|Any CPU
		{4B5837B1-CEA4-47F8-AB7A-1CF8704654A2}.Win32Debug|ARM64.ActiveCfg = Debug|Any CPU
		{4B5837B1-CEA4-47F8-AB7A-1CF8704654A2}.Win32Debug|ARM64.Build.0 = Debug|Any CPU
		{4B5837B1-CEA4-47F8-AB7A-1CF8704654A2}.Win32Debug|x64.ActiveCfg = Debug|Any CPU
		{4B5837B1-CEA4-47F8-AB7A-1CF8704654A2}.Win32Debug|x64.Build.0 = Debug|Any CPU
		{4B5837B1-CEA4-47F8-AB7A-1CF8704654A2}.Win32Debug|x86.ActiveCfg = Debug|Any CPU
		{4B5837B1-CEA4-47F8-AB7A-1CF8704654A2}.Win32Debug|x86.Build.0 = Debug|Any CPU
		{4B5837B1-CEA4-47F8-AB7A-1CF8704654A2}.Win32Release|Any CPU.ActiveCfg = Release|Any CPU
		{4B5837B1-CEA4-47F8-AB7A-1CF8704654A2}.Win32Release|Any CPU.Build.0 = Release|Any CPU
		{4B5837B1-CEA4-47F8-AB7A-1CF8704654A2}.Win32Release|ARM.ActiveCfg = Win32Release|Any CPU
		{4B5837B1-CEA4-47F8-AB7A-1CF8704654A2}.Win32Release|ARM.Build.0 = Win32Release|Any CPU
		{4B5837B1-CEA4-47F8-AB7A-1CF8704654A2}.Win32Release|ARM64.ActiveCfg = Win32Release|Any CPU
		{4B5837B1-CEA4-47F8-AB7A-1CF8704654A2}.Win32Release|ARM64.Build.0 = Win32Release|Any CPU
		{4B5837B1-CEA4-47F8-AB7A-1CF8704654A2}.Win32Release|x64.ActiveCfg = Win32Release|Any CPU
		{4B5837B1-CEA4-47F8-AB7A-1CF8704654A2}.Win32Release|x64.Build.0 = Win32Release|Any CPU
		{4B5837B1-CEA4-47F8-AB7A-1CF8704654A2}.Win32Release|x86.ActiveCfg = Win32Release|Any CPU
		{4B5837B1-CEA4-47F8-AB7A-1CF8704654A2}.Win32Release|x86.Build.0 = Win32Release|Any CPU
	EndGlobalSection
	GlobalSection(SolutionProperties) = preSolution
		HideSolutionNode = FALSE
	EndGlobalSection
	GlobalSection(NestedProjects) = preSolution
		{01CCB934-B77F-4681-86C5-AE4FEE648238} = {799A84A2-2161-4676-878B-5610E3586137}
		{E9858A83-E619-4515-AF14-A87A4C658924} = {799A84A2-2161-4676-878B-5610E3586137}
		{65A8ECFD-4D73-48A3-A05E-3D8807FEB0C2} = {799A84A2-2161-4676-878B-5610E3586137}
		{4B5837B1-CEA4-47F8-AB7A-1CF8704654A2} = {799A84A2-2161-4676-878B-5610E3586137}
	EndGlobalSection
	GlobalSection(ExtensibilityGlobals) = postSolution
		SolutionGuid = {AB1424F9-871B-444A-9278-18227672889C}
	EndGlobalSection
EndGlobal
