
Microsoft Visual Studio Solution File, Format Version 12.00
# Visual Studio Version 17
VisualStudioVersion = 17.0.31903.59
MinimumVisualStudioVersion = 10.0.40219.1
Project("{9A19103F-16F7-4668-BE54-9A1E7A4F7556}") = "LibVLCSharp", "LibVLCSharp\LibVLCSharp.csproj", "{D1C3B7C4-713B-46B2-B33A-E9298C819921}"
EndProject
Project("{2150E333-8FDC-42A3-9474-1A3956D46DE8}") = "Solution Items", "Solution Items", "{A5F2B2E4-7F93-4919-89F6-EEAB5D1C0AA7}"
	ProjectSection(SolutionItems) = preProject
		Directory.Build.props = Directory.Build.props
		global.json = global.json
	EndProjectSection
EndProject
Project("{2150E333-8FDC-42A3-9474-1A3956D46DE8}") = "Samples", "Samples", "{799A84A2-2161-4676-878B-5610E3586137}"
EndProject
Project("{2150E333-8FDC-42A3-9474-1A3956D46DE8}") = "Forms", "Forms", "{FC68D8B7-758E-4164-945B-9F922FA883F6}"
EndProject
Project("{9A19103F-16F7-4668-BE54-9A1E7A4F7556}") = "LibVLCSharp.Forms.Platforms.GTK", "LibVLCSharp.Forms.Platforms.GTK\LibVLCSharp.Forms.Platforms.GTK.csproj", "{3F958392-C1A0-407C-AC76-0926F8D0BCCA}"
EndProject
Project("{9A19103F-16F7-4668-BE54-9A1E7A4F7556}") = "LibVLCSharp.GTK", "LibVLCSharp.GTK\LibVLCSharp.GTK.csproj", "{9012B90D-A997-4E1B-B541-C824E4E6540F}"
EndProject
Project("{9A19103F-16F7-4668-BE54-9A1E7A4F7556}") = "LibVLCSharp.Avalonia", "LibVLCSharp.Avalonia\LibVLCSharp.Avalonia.csproj", "{59184DC2-9F32-4CC3-852F-75348D14F5DA}"
EndProject
Project("{2150E333-8FDC-42A3-9474-1A3956D46DE8}") = "MediaElement", "MediaElement", "{5E512888-485B-438A-AA4A-1B1EF50FD49F}"
EndProject
Project("{9A19103F-16F7-4668-BE54-9A1E7A4F7556}") = "LibVLCSharp.Forms.Sample.MediaElement", "..\samples\Forms\LibVLCSharp.Forms.MediaElement\LibVLCSharp.Forms.Sample.MediaElement\LibVLCSharp.Forms.Sample.MediaElement.csproj", "{537A70A3-6565-41E2-8C65-5198E0F4EB45}"
EndProject
Project("{FAE04EC0-301F-11D3-BF4B-00C04F79EFBC}") = "LibVLCSharp.Forms.Sample.MediaElement.iOS", "..\samples\Forms\LibVLCSharp.Forms.MediaElement\LibVLCSharp.Forms.Sample.MediaElement.iOS\LibVLCSharp.Forms.Sample.MediaElement.iOS.csproj", "{6C9DE381-A32F-41CB-BCDA-551BE90B5A60}"
EndProject
Project("{9A19103F-16F7-4668-BE54-9A1E7A4F7556}") = "LibVLCSharp.Uno", "LibVLCSharp.Uno\LibVLCSharp.Uno.csproj", "{82AB6F00-B0CC-4B88-8D09-CD95789E6C38}"
EndProject
Project("{2150E333-8FDC-42A3-9474-1A3956D46DE8}") = "Uno", "Uno", "{AF7576D5-F1E9-4E7B-93CE-538BBBB4442E}"
EndProject
Project("{2150E333-8FDC-42A3-9474-1A3956D46DE8}") = "MediaPlayerElement", "MediaPlayerElement", "{A5558B4F-67BD-4FDC-82F5-D82A6564CD7B}"
EndProject
Project("{9A19103F-16F7-4668-BE54-9A1E7A4F7556}") = "LibVLCSharp.Avalonia.Sample", "..\samples\LibVLCSharp.Avalonia.Sample\LibVLCSharp.Avalonia.Sample.csproj", "{4B5837B1-CEA4-47F8-AB7A-1CF8704654A2}"
EndProject
Project("{9A19103F-16F7-4668-BE54-9A1E7A4F7556}") = "LibVLCSharp.MAUI", "LibVLCSharp.MAUI\LibVLCSharp.MAUI.csproj", "{5FFCADC1-AAE7-4E01-B875-0D3F8A1AC2F5}"
EndProject
Global
	GlobalSection(SolutionConfigurationPlatforms) = preSolution
		Ad-Hoc|Any CPU = Ad-Hoc|Any CPU
		Ad-Hoc|ARM = Ad-Hoc|ARM
		Ad-Hoc|ARM64 = Ad-Hoc|ARM64
		Ad-Hoc|iPhone = Ad-Hoc|iPhone
		Ad-Hoc|iPhoneSimulator = Ad-Hoc|iPhoneSimulator
		Ad-Hoc|x64 = Ad-Hoc|x64
		Ad-Hoc|x86 = Ad-Hoc|x86
		AppStore|Any CPU = AppStore|Any CPU
		AppStore|ARM = AppStore|ARM
		AppStore|ARM64 = AppStore|ARM64
		AppStore|iPhone = AppStore|iPhone
		AppStore|iPhoneSimulator = AppStore|iPhoneSimulator
		AppStore|x64 = AppStore|x64
		AppStore|x86 = AppStore|x86
		Debug|Any CPU = Debug|Any CPU
		Debug|ARM = Debug|ARM
		Debug|ARM64 = Debug|ARM64
		Debug|iPhone = Debug|iPhone
		Debug|iPhoneSimulator = Debug|iPhoneSimulator
		Debug|x64 = Debug|x64
		Debug|x86 = Debug|x86
		Release|Any CPU = Release|Any CPU
		Release|ARM = Release|ARM
		Release|ARM64 = Release|ARM64
		Release|iPhone = Release|iPhone
		Release|iPhoneSimulator = Release|iPhoneSimulator
		Release|x64 = Release|x64
		Release|x86 = Release|x86
	EndGlobalSection
	GlobalSection(ProjectConfigurationPlatforms) = postSolution
		{D1C3B7C4-713B-46B2-B33A-E9298C819921}.Ad-Hoc|Any CPU.ActiveCfg = Release|Any CPU
		{D1C3B7C4-713B-46B2-B33A-E9298C819921}.Ad-Hoc|Any CPU.Build.0 = Release|Any CPU
		{D1C3B7C4-713B-46B2-B33A-E9298C819921}.Ad-Hoc|ARM.ActiveCfg = Debug|Any CPU
		{D1C3B7C4-713B-46B2-B33A-E9298C819921}.Ad-Hoc|ARM.Build.0 = Debug|Any CPU
		{D1C3B7C4-713B-46B2-B33A-E9298C819921}.Ad-Hoc|ARM64.ActiveCfg = Debug|Any CPU
		{D1C3B7C4-713B-46B2-B33A-E9298C819921}.Ad-Hoc|ARM64.Build.0 = Debug|Any CPU
		{D1C3B7C4-713B-46B2-B33A-E9298C819921}.Ad-Hoc|iPhone.ActiveCfg = Release|Any CPU
		{D1C3B7C4-713B-46B2-B33A-E9298C819921}.Ad-Hoc|iPhone.Build.0 = Release|Any CPU
		{D1C3B7C4-713B-46B2-B33A-E9298C819921}.Ad-Hoc|iPhoneSimulator.ActiveCfg = Release|Any CPU
		{D1C3B7C4-713B-46B2-B33A-E9298C819921}.Ad-Hoc|iPhoneSimulator.Build.0 = Release|Any CPU
		{D1C3B7C4-713B-46B2-B33A-E9298C819921}.Ad-Hoc|x64.ActiveCfg = Release|Any CPU
		{D1C3B7C4-713B-46B2-B33A-E9298C819921}.Ad-Hoc|x64.Build.0 = Release|Any CPU
		{D1C3B7C4-713B-46B2-B33A-E9298C819921}.Ad-Hoc|x86.ActiveCfg = Release|Any CPU
		{D1C3B7C4-713B-46B2-B33A-E9298C819921}.Ad-Hoc|x86.Build.0 = Release|Any CPU
		{D1C3B7C4-713B-46B2-B33A-E9298C819921}.AppStore|Any CPU.ActiveCfg = Release|Any CPU
		{D1C3B7C4-713B-46B2-B33A-E9298C819921}.AppStore|Any CPU.Build.0 = Release|Any CPU
		{D1C3B7C4-713B-46B2-B33A-E9298C819921}.AppStore|ARM.ActiveCfg = Debug|Any CPU
		{D1C3B7C4-713B-46B2-B33A-E9298C819921}.AppStore|ARM.Build.0 = Debug|Any CPU
		{D1C3B7C4-713B-46B2-B33A-E9298C819921}.AppStore|ARM64.ActiveCfg = Debug|Any CPU
		{D1C3B7C4-713B-46B2-B33A-E9298C819921}.AppStore|ARM64.Build.0 = Debug|Any CPU
		{D1C3B7C4-713B-46B2-B33A-E9298C819921}.AppStore|iPhone.ActiveCfg = Release|Any CPU
		{D1C3B7C4-713B-46B2-B33A-E9298C819921}.AppStore|iPhone.Build.0 = Release|Any CPU
		{D1C3B7C4-713B-46B2-B33A-E9298C819921}.AppStore|iPhoneSimulator.ActiveCfg = Release|Any CPU
		{D1C3B7C4-713B-46B2-B33A-E9298C819921}.AppStore|iPhoneSimulator.Build.0 = Release|Any CPU
		{D1C3B7C4-713B-46B2-B33A-E9298C819921}.AppStore|x64.ActiveCfg = Release|Any CPU
		{D1C3B7C4-713B-46B2-B33A-E9298C819921}.AppStore|x64.Build.0 = Release|Any CPU
		{D1C3B7C4-713B-46B2-B33A-E9298C819921}.AppStore|x86.ActiveCfg = Release|Any CPU
		{D1C3B7C4-713B-46B2-B33A-E9298C819921}.AppStore|x86.Build.0 = Release|Any CPU
		{D1C3B7C4-713B-46B2-B33A-E9298C819921}.Debug|Any CPU.ActiveCfg = Debug|Any CPU
		{D1C3B7C4-713B-46B2-B33A-E9298C819921}.Debug|Any CPU.Build.0 = Debug|Any CPU
		{D1C3B7C4-713B-46B2-B33A-E9298C819921}.Debug|ARM.ActiveCfg = Debug|Any CPU
		{D1C3B7C4-713B-46B2-B33A-E9298C819921}.Debug|ARM.Build.0 = Debug|Any CPU
		{D1C3B7C4-713B-46B2-B33A-E9298C819921}.Debug|ARM64.ActiveCfg = Debug|Any CPU
		{D1C3B7C4-713B-46B2-B33A-E9298C819921}.Debug|ARM64.Build.0 = Debug|Any CPU
		{D1C3B7C4-713B-46B2-B33A-E9298C819921}.Debug|iPhone.ActiveCfg = Debug|Any CPU
		{D1C3B7C4-713B-46B2-B33A-E9298C819921}.Debug|iPhone.Build.0 = Debug|Any CPU
		{D1C3B7C4-713B-46B2-B33A-E9298C819921}.Debug|iPhoneSimulator.ActiveCfg = Debug|Any CPU
		{D1C3B7C4-713B-46B2-B33A-E9298C819921}.Debug|iPhoneSimulator.Build.0 = Debug|Any CPU
		{D1C3B7C4-713B-46B2-B33A-E9298C819921}.Debug|x64.ActiveCfg = Debug|Any CPU
		{D1C3B7C4-713B-46B2-B33A-E9298C819921}.Debug|x64.Build.0 = Debug|Any CPU
		{D1C3B7C4-713B-46B2-B33A-E9298C819921}.Debug|x86.ActiveCfg = Debug|Any CPU
		{D1C3B7C4-713B-46B2-B33A-E9298C819921}.Debug|x86.Build.0 = Debug|Any CPU
		{D1C3B7C4-713B-46B2-B33A-E9298C819921}.Release|Any CPU.ActiveCfg = Release|Any CPU
		{D1C3B7C4-713B-46B2-B33A-E9298C819921}.Release|Any CPU.Build.0 = Release|Any CPU
		{D1C3B7C4-713B-46B2-B33A-E9298C819921}.Release|ARM.ActiveCfg = Release|Any CPU
		{D1C3B7C4-713B-46B2-B33A-E9298C819921}.Release|ARM.Build.0 = Release|Any CPU
		{D1C3B7C4-713B-46B2-B33A-E9298C819921}.Release|ARM64.ActiveCfg = Release|Any CPU
		{D1C3B7C4-713B-46B2-B33A-E9298C819921}.Release|ARM64.Build.0 = Release|Any CPU
		{D1C3B7C4-713B-46B2-B33A-E9298C819921}.Release|iPhone.ActiveCfg = Release|Any CPU
		{D1C3B7C4-713B-46B2-B33A-E9298C819921}.Release|iPhone.Build.0 = Release|Any CPU
		{D1C3B7C4-713B-46B2-B33A-E9298C819921}.Release|iPhoneSimulator.ActiveCfg = Release|Any CPU
		{D1C3B7C4-713B-46B2-B33A-E9298C819921}.Release|iPhoneSimulator.Build.0 = Release|Any CPU
		{D1C3B7C4-713B-46B2-B33A-E9298C819921}.Release|x64.ActiveCfg = Release|Any CPU
		{D1C3B7C4-713B-46B2-B33A-E9298C819921}.Release|x64.Build.0 = Release|Any CPU
		{D1C3B7C4-713B-46B2-B33A-E9298C819921}.Release|x86.ActiveCfg = Release|Any CPU
		{D1C3B7C4-713B-46B2-B33A-E9298C819921}.Release|x86.Build.0 = Release|Any CPU
		{3F958392-C1A0-407C-AC76-0926F8D0BCCA}.Ad-Hoc|Any CPU.ActiveCfg = Debug|Any CPU
		{3F958392-C1A0-407C-AC76-0926F8D0BCCA}.Ad-Hoc|Any CPU.Build.0 = Debug|Any CPU
		{3F958392-C1A0-407C-AC76-0926F8D0BCCA}.Ad-Hoc|ARM.ActiveCfg = Release|Any CPU
		{3F958392-C1A0-407C-AC76-0926F8D0BCCA}.Ad-Hoc|ARM.Build.0 = Release|Any CPU
		{3F958392-C1A0-407C-AC76-0926F8D0BCCA}.Ad-Hoc|ARM64.ActiveCfg = Release|Any CPU
		{3F958392-C1A0-407C-AC76-0926F8D0BCCA}.Ad-Hoc|ARM64.Build.0 = Release|Any CPU
		{3F958392-C1A0-407C-AC76-0926F8D0BCCA}.Ad-Hoc|iPhone.ActiveCfg = Debug|Any CPU
		{3F958392-C1A0-407C-AC76-0926F8D0BCCA}.Ad-Hoc|iPhone.Build.0 = Debug|Any CPU
		{3F958392-C1A0-407C-AC76-0926F8D0BCCA}.Ad-Hoc|iPhoneSimulator.ActiveCfg = Debug|Any CPU
		{3F958392-C1A0-407C-AC76-0926F8D0BCCA}.Ad-Hoc|iPhoneSimulator.Build.0 = Debug|Any CPU
		{3F958392-C1A0-407C-AC76-0926F8D0BCCA}.Ad-Hoc|x64.ActiveCfg = Debug|Any CPU
		{3F958392-C1A0-407C-AC76-0926F8D0BCCA}.Ad-Hoc|x64.Build.0 = Debug|Any CPU
		{3F958392-C1A0-407C-AC76-0926F8D0BCCA}.Ad-Hoc|x86.ActiveCfg = Debug|Any CPU
		{3F958392-C1A0-407C-AC76-0926F8D0BCCA}.Ad-Hoc|x86.Build.0 = Debug|Any CPU
		{3F958392-C1A0-407C-AC76-0926F8D0BCCA}.AppStore|Any CPU.ActiveCfg = Debug|Any CPU
		{3F958392-C1A0-407C-AC76-0926F8D0BCCA}.AppStore|Any CPU.Build.0 = Debug|Any CPU
		{3F958392-C1A0-407C-AC76-0926F8D0BCCA}.AppStore|ARM.ActiveCfg = Release|Any CPU
		{3F958392-C1A0-407C-AC76-0926F8D0BCCA}.AppStore|ARM.Build.0 = Release|Any CPU
		{3F958392-C1A0-407C-AC76-0926F8D0BCCA}.AppStore|ARM64.ActiveCfg = Release|Any CPU
		{3F958392-C1A0-407C-AC76-0926F8D0BCCA}.AppStore|ARM64.Build.0 = Release|Any CPU
		{3F958392-C1A0-407C-AC76-0926F8D0BCCA}.AppStore|iPhone.ActiveCfg = Debug|Any CPU
		{3F958392-C1A0-407C-AC76-0926F8D0BCCA}.AppStore|iPhone.Build.0 = Debug|Any CPU
		{3F958392-C1A0-407C-AC76-0926F8D0BCCA}.AppStore|iPhoneSimulator.ActiveCfg = Debug|Any CPU
		{3F958392-C1A0-407C-AC76-0926F8D0BCCA}.AppStore|iPhoneSimulator.Build.0 = Debug|Any CPU
		{3F958392-C1A0-407C-AC76-0926F8D0BCCA}.AppStore|x64.ActiveCfg = Debug|Any CPU
		{3F958392-C1A0-407C-AC76-0926F8D0BCCA}.AppStore|x64.Build.0 = Debug|Any CPU
		{3F958392-C1A0-407C-AC76-0926F8D0BCCA}.AppStore|x86.ActiveCfg = Debug|Any CPU
		{3F958392-C1A0-407C-AC76-0926F8D0BCCA}.AppStore|x86.Build.0 = Debug|Any CPU
		{3F958392-C1A0-407C-AC76-0926F8D0BCCA}.Debug|Any CPU.ActiveCfg = Debug|Any CPU
		{3F958392-C1A0-407C-AC76-0926F8D0BCCA}.Debug|Any CPU.Build.0 = Debug|Any CPU
		{3F958392-C1A0-407C-AC76-0926F8D0BCCA}.Debug|ARM.ActiveCfg = Debug|Any CPU
		{3F958392-C1A0-407C-AC76-0926F8D0BCCA}.Debug|ARM.Build.0 = Debug|Any CPU
		{3F958392-C1A0-407C-AC76-0926F8D0BCCA}.Debug|ARM64.ActiveCfg = Debug|Any CPU
		{3F958392-C1A0-407C-AC76-0926F8D0BCCA}.Debug|ARM64.Build.0 = Debug|Any CPU
		{3F958392-C1A0-407C-AC76-0926F8D0BCCA}.Debug|iPhone.ActiveCfg = Debug|Any CPU
		{3F958392-C1A0-407C-AC76-0926F8D0BCCA}.Debug|iPhone.Build.0 = Debug|Any CPU
		{3F958392-C1A0-407C-AC76-0926F8D0BCCA}.Debug|iPhoneSimulator.ActiveCfg = Debug|Any CPU
		{3F958392-C1A0-407C-AC76-0926F8D0BCCA}.Debug|iPhoneSimulator.Build.0 = Debug|Any CPU
		{3F958392-C1A0-407C-AC76-0926F8D0BCCA}.Debug|x64.ActiveCfg = Debug|Any CPU
		{3F958392-C1A0-407C-AC76-0926F8D0BCCA}.Debug|x64.Build.0 = Debug|Any CPU
		{3F958392-C1A0-407C-AC76-0926F8D0BCCA}.Debug|x86.ActiveCfg = Debug|Any CPU
		{3F958392-C1A0-407C-AC76-0926F8D0BCCA}.Debug|x86.Build.0 = Debug|Any CPU
		{3F958392-C1A0-407C-AC76-0926F8D0BCCA}.Release|Any CPU.ActiveCfg = Release|Any CPU
		{3F958392-C1A0-407C-AC76-0926F8D0BCCA}.Release|Any CPU.Build.0 = Release|Any CPU
		{3F958392-C1A0-407C-AC76-0926F8D0BCCA}.Release|ARM.ActiveCfg = Release|Any CPU
		{3F958392-C1A0-407C-AC76-0926F8D0BCCA}.Release|ARM.Build.0 = Release|Any CPU
		{3F958392-C1A0-407C-AC76-0926F8D0BCCA}.Release|ARM64.ActiveCfg = Release|Any CPU
		{3F958392-C1A0-407C-AC76-0926F8D0BCCA}.Release|ARM64.Build.0 = Release|Any CPU
		{3F958392-C1A0-407C-AC76-0926F8D0BCCA}.Release|iPhone.ActiveCfg = Release|Any CPU
		{3F958392-C1A0-407C-AC76-0926F8D0BCCA}.Release|iPhone.Build.0 = Release|Any CPU
		{3F958392-C1A0-407C-AC76-0926F8D0BCCA}.Release|iPhoneSimulator.ActiveCfg = Release|Any CPU
		{3F958392-C1A0-407C-AC76-0926F8D0BCCA}.Release|iPhoneSimulator.Build.0 = Release|Any CPU
		{3F958392-C1A0-407C-AC76-0926F8D0BCCA}.Release|x64.ActiveCfg = Release|Any CPU
		{3F958392-C1A0-407C-AC76-0926F8D0BCCA}.Release|x64.Build.0 = Release|Any CPU
		{3F958392-C1A0-407C-AC76-0926F8D0BCCA}.Release|x86.ActiveCfg = Release|Any CPU
		{3F958392-C1A0-407C-AC76-0926F8D0BCCA}.Release|x86.Build.0 = Release|Any CPU
		{9012B90D-A997-4E1B-B541-C824E4E6540F}.Ad-Hoc|Any CPU.ActiveCfg = Debug|Any CPU
		{9012B90D-A997-4E1B-B541-C824E4E6540F}.Ad-Hoc|Any CPU.Build.0 = Debug|Any CPU
		{9012B90D-A997-4E1B-B541-C824E4E6540F}.Ad-Hoc|ARM.ActiveCfg = Release|Any CPU
		{9012B90D-A997-4E1B-B541-C824E4E6540F}.Ad-Hoc|ARM.Build.0 = Release|Any CPU
		{9012B90D-A997-4E1B-B541-C824E4E6540F}.Ad-Hoc|ARM64.ActiveCfg = Release|Any CPU
		{9012B90D-A997-4E1B-B541-C824E4E6540F}.Ad-Hoc|ARM64.Build.0 = Release|Any CPU
		{9012B90D-A997-4E1B-B541-C824E4E6540F}.Ad-Hoc|iPhone.ActiveCfg = Debug|Any CPU
		{9012B90D-A997-4E1B-B541-C824E4E6540F}.Ad-Hoc|iPhone.Build.0 = Debug|Any CPU
		{9012B90D-A997-4E1B-B541-C824E4E6540F}.Ad-Hoc|iPhoneSimulator.ActiveCfg = Debug|Any CPU
		{9012B90D-A997-4E1B-B541-C824E4E6540F}.Ad-Hoc|iPhoneSimulator.Build.0 = Debug|Any CPU
		{9012B90D-A997-4E1B-B541-C824E4E6540F}.Ad-Hoc|x64.ActiveCfg = Debug|Any CPU
		{9012B90D-A997-4E1B-B541-C824E4E6540F}.Ad-Hoc|x64.Build.0 = Debug|Any CPU
		{9012B90D-A997-4E1B-B541-C824E4E6540F}.Ad-Hoc|x86.ActiveCfg = Debug|Any CPU
		{9012B90D-A997-4E1B-B541-C824E4E6540F}.Ad-Hoc|x86.Build.0 = Debug|Any CPU
		{9012B90D-A997-4E1B-B541-C824E4E6540F}.AppStore|Any CPU.ActiveCfg = Debug|Any CPU
		{9012B90D-A997-4E1B-B541-C824E4E6540F}.AppStore|Any CPU.Build.0 = Debug|Any CPU
		{9012B90D-A997-4E1B-B541-C824E4E6540F}.AppStore|ARM.ActiveCfg = Release|Any CPU
		{9012B90D-A997-4E1B-B541-C824E4E6540F}.AppStore|ARM.Build.0 = Release|Any CPU
		{9012B90D-A997-4E1B-B541-C824E4E6540F}.AppStore|ARM64.ActiveCfg = Release|Any CPU
		{9012B90D-A997-4E1B-B541-C824E4E6540F}.AppStore|ARM64.Build.0 = Release|Any CPU
		{9012B90D-A997-4E1B-B541-C824E4E6540F}.AppStore|iPhone.ActiveCfg = Debug|Any CPU
		{9012B90D-A997-4E1B-B541-C824E4E6540F}.AppStore|iPhone.Build.0 = Debug|Any CPU
		{9012B90D-A997-4E1B-B541-C824E4E6540F}.AppStore|iPhoneSimulator.ActiveCfg = Debug|Any CPU
		{9012B90D-A997-4E1B-B541-C824E4E6540F}.AppStore|iPhoneSimulator.Build.0 = Debug|Any CPU
		{9012B90D-A997-4E1B-B541-C824E4E6540F}.AppStore|x64.ActiveCfg = Debug|Any CPU
		{9012B90D-A997-4E1B-B541-C824E4E6540F}.AppStore|x64.Build.0 = Debug|Any CPU
		{9012B90D-A997-4E1B-B541-C824E4E6540F}.AppStore|x86.ActiveCfg = Debug|Any CPU
		{9012B90D-A997-4E1B-B541-C824E4E6540F}.AppStore|x86.Build.0 = Debug|Any CPU
		{9012B90D-A997-4E1B-B541-C824E4E6540F}.Debug|Any CPU.ActiveCfg = Debug|Any CPU
		{9012B90D-A997-4E1B-B541-C824E4E6540F}.Debug|Any CPU.Build.0 = Debug|Any CPU
		{9012B90D-A997-4E1B-B541-C824E4E6540F}.Debug|ARM.ActiveCfg = Debug|Any CPU
		{9012B90D-A997-4E1B-B541-C824E4E6540F}.Debug|ARM.Build.0 = Debug|Any CPU
		{9012B90D-A997-4E1B-B541-C824E4E6540F}.Debug|ARM64.ActiveCfg = Debug|Any CPU
		{9012B90D-A997-4E1B-B541-C824E4E6540F}.Debug|ARM64.Build.0 = Debug|Any CPU
		{9012B90D-A997-4E1B-B541-C824E4E6540F}.Debug|iPhone.ActiveCfg = Debug|Any CPU
		{9012B90D-A997-4E1B-B541-C824E4E6540F}.Debug|iPhone.Build.0 = Debug|Any CPU
		{9012B90D-A997-4E1B-B541-C824E4E6540F}.Debug|iPhoneSimulator.ActiveCfg = Debug|Any CPU
		{9012B90D-A997-4E1B-B541-C824E4E6540F}.Debug|iPhoneSimulator.Build.0 = Debug|Any CPU
		{9012B90D-A997-4E1B-B541-C824E4E6540F}.Debug|x64.ActiveCfg = Debug|Any CPU
		{9012B90D-A997-4E1B-B541-C824E4E6540F}.Debug|x64.Build.0 = Debug|Any CPU
		{9012B90D-A997-4E1B-B541-C824E4E6540F}.Debug|x86.ActiveCfg = Debug|Any CPU
		{9012B90D-A997-4E1B-B541-C824E4E6540F}.Debug|x86.Build.0 = Debug|Any CPU
		{9012B90D-A997-4E1B-B541-C824E4E6540F}.Release|Any CPU.ActiveCfg = Release|Any CPU
		{9012B90D-A997-4E1B-B541-C824E4E6540F}.Release|Any CPU.Build.0 = Release|Any CPU
		{9012B90D-A997-4E1B-B541-C824E4E6540F}.Release|ARM.ActiveCfg = Release|Any CPU
		{9012B90D-A997-4E1B-B541-C824E4E6540F}.Release|ARM.Build.0 = Release|Any CPU
		{9012B90D-A997-4E1B-B541-C824E4E6540F}.Release|ARM64.ActiveCfg = Release|Any CPU
		{9012B90D-A997-4E1B-B541-C824E4E6540F}.Release|ARM64.Build.0 = Release|Any CPU
		{9012B90D-A997-4E1B-B541-C824E4E6540F}.Release|iPhone.ActiveCfg = Release|Any CPU
		{9012B90D-A997-4E1B-B541-C824E4E6540F}.Release|iPhone.Build.0 = Release|Any CPU
		{9012B90D-A997-4E1B-B541-C824E4E6540F}.Release|iPhoneSimulator.ActiveCfg = Release|Any CPU
		{9012B90D-A997-4E1B-B541-C824E4E6540F}.Release|iPhoneSimulator.Build.0 = Release|Any CPU
		{9012B90D-A997-4E1B-B541-C824E4E6540F}.Release|x64.ActiveCfg = Release|Any CPU
		{9012B90D-A997-4E1B-B541-C824E4E6540F}.Release|x64.Build.0 = Release|Any CPU
		{9012B90D-A997-4E1B-B541-C824E4E6540F}.Release|x86.ActiveCfg = Release|Any CPU
		{9012B90D-A997-4E1B-B541-C824E4E6540F}.Release|x86.Build.0 = Release|Any CPU
		{59184DC2-9F32-4CC3-852F-75348D14F5DA}.Ad-Hoc|Any CPU.ActiveCfg = Debug|Any CPU
		{59184DC2-9F32-4CC3-852F-75348D14F5DA}.Ad-Hoc|Any CPU.Build.0 = Debug|Any CPU
		{59184DC2-9F32-4CC3-852F-75348D14F5DA}.Ad-Hoc|ARM.ActiveCfg = Release|Any CPU
		{59184DC2-9F32-4CC3-852F-75348D14F5DA}.Ad-Hoc|ARM.Build.0 = Release|Any CPU
		{59184DC2-9F32-4CC3-852F-75348D14F5DA}.Ad-Hoc|ARM64.ActiveCfg = Release|Any CPU
		{59184DC2-9F32-4CC3-852F-75348D14F5DA}.Ad-Hoc|ARM64.Build.0 = Release|Any CPU
		{59184DC2-9F32-4CC3-852F-75348D14F5DA}.Ad-Hoc|iPhone.ActiveCfg = Debug|Any CPU
		{59184DC2-9F32-4CC3-852F-75348D14F5DA}.Ad-Hoc|iPhone.Build.0 = Debug|Any CPU
		{59184DC2-9F32-4CC3-852F-75348D14F5DA}.Ad-Hoc|iPhoneSimulator.ActiveCfg = Debug|Any CPU
		{59184DC2-9F32-4CC3-852F-75348D14F5DA}.Ad-Hoc|iPhoneSimulator.Build.0 = Debug|Any CPU
		{59184DC2-9F32-4CC3-852F-75348D14F5DA}.Ad-Hoc|x64.ActiveCfg = Debug|Any CPU
		{59184DC2-9F32-4CC3-852F-75348D14F5DA}.Ad-Hoc|x64.Build.0 = Debug|Any CPU
		{59184DC2-9F32-4CC3-852F-75348D14F5DA}.Ad-Hoc|x86.ActiveCfg = Debug|Any CPU
		{59184DC2-9F32-4CC3-852F-75348D14F5DA}.Ad-Hoc|x86.Build.0 = Debug|Any CPU
		{59184DC2-9F32-4CC3-852F-75348D14F5DA}.AppStore|Any CPU.ActiveCfg = Debug|Any CPU
		{59184DC2-9F32-4CC3-852F-75348D14F5DA}.AppStore|Any CPU.Build.0 = Debug|Any CPU
		{59184DC2-9F32-4CC3-852F-75348D14F5DA}.AppStore|ARM.ActiveCfg = Release|Any CPU
		{59184DC2-9F32-4CC3-852F-75348D14F5DA}.AppStore|ARM.Build.0 = Release|Any CPU
		{59184DC2-9F32-4CC3-852F-75348D14F5DA}.AppStore|ARM64.ActiveCfg = Release|Any CPU
		{59184DC2-9F32-4CC3-852F-75348D14F5DA}.AppStore|ARM64.Build.0 = Release|Any CPU
		{59184DC2-9F32-4CC3-852F-75348D14F5DA}.AppStore|iPhone.ActiveCfg = Debug|Any CPU
		{59184DC2-9F32-4CC3-852F-75348D14F5DA}.AppStore|iPhone.Build.0 = Debug|Any CPU
		{59184DC2-9F32-4CC3-852F-75348D14F5DA}.AppStore|iPhoneSimulator.ActiveCfg = Debug|Any CPU
		{59184DC2-9F32-4CC3-852F-75348D14F5DA}.AppStore|iPhoneSimulator.Build.0 = Debug|Any CPU
		{59184DC2-9F32-4CC3-852F-75348D14F5DA}.AppStore|x64.ActiveCfg = Debug|Any CPU
		{59184DC2-9F32-4CC3-852F-75348D14F5DA}.AppStore|x64.Build.0 = Debug|Any CPU
		{59184DC2-9F32-4CC3-852F-75348D14F5DA}.AppStore|x86.ActiveCfg = Debug|Any CPU
		{59184DC2-9F32-4CC3-852F-75348D14F5DA}.AppStore|x86.Build.0 = Debug|Any CPU
		{59184DC2-9F32-4CC3-852F-75348D14F5DA}.Debug|Any CPU.ActiveCfg = Debug|Any CPU
		{59184DC2-9F32-4CC3-852F-75348D14F5DA}.Debug|Any CPU.Build.0 = Debug|Any CPU
		{59184DC2-9F32-4CC3-852F-75348D14F5DA}.Debug|ARM.ActiveCfg = Debug|Any CPU
		{59184DC2-9F32-4CC3-852F-75348D14F5DA}.Debug|ARM.Build.0 = Debug|Any CPU
		{59184DC2-9F32-4CC3-852F-75348D14F5DA}.Debug|ARM64.ActiveCfg = Debug|Any CPU
		{59184DC2-9F32-4CC3-852F-75348D14F5DA}.Debug|ARM64.Build.0 = Debug|Any CPU
		{59184DC2-9F32-4CC3-852F-75348D14F5DA}.Debug|iPhone.ActiveCfg = Debug|Any CPU
		{59184DC2-9F32-4CC3-852F-75348D14F5DA}.Debug|iPhone.Build.0 = Debug|Any CPU
		{59184DC2-9F32-4CC3-852F-75348D14F5DA}.Debug|iPhoneSimulator.ActiveCfg = Debug|Any CPU
		{59184DC2-9F32-4CC3-852F-75348D14F5DA}.Debug|iPhoneSimulator.Build.0 = Debug|Any CPU
		{59184DC2-9F32-4CC3-852F-75348D14F5DA}.Debug|x64.ActiveCfg = Debug|Any CPU
		{59184DC2-9F32-4CC3-852F-75348D14F5DA}.Debug|x64.Build.0 = Debug|Any CPU
		{59184DC2-9F32-4CC3-852F-75348D14F5DA}.Debug|x86.ActiveCfg = Debug|Any CPU
		{59184DC2-9F32-4CC3-852F-75348D14F5DA}.Debug|x86.Build.0 = Debug|Any CPU
		{59184DC2-9F32-4CC3-852F-75348D14F5DA}.Release|Any CPU.ActiveCfg = Release|Any CPU
		{59184DC2-9F32-4CC3-852F-75348D14F5DA}.Release|Any CPU.Build.0 = Release|Any CPU
		{59184DC2-9F32-4CC3-852F-75348D14F5DA}.Release|ARM.ActiveCfg = Release|Any CPU
		{59184DC2-9F32-4CC3-852F-75348D14F5DA}.Release|ARM.Build.0 = Release|Any CPU
		{59184DC2-9F32-4CC3-852F-75348D14F5DA}.Release|ARM64.ActiveCfg = Release|Any CPU
		{59184DC2-9F32-4CC3-852F-75348D14F5DA}.Release|ARM64.Build.0 = Release|Any CPU
		{59184DC2-9F32-4CC3-852F-75348D14F5DA}.Release|iPhone.ActiveCfg = Release|Any CPU
		{59184DC2-9F32-4CC3-852F-75348D14F5DA}.Release|iPhone.Build.0 = Release|Any CPU
		{59184DC2-9F32-4CC3-852F-75348D14F5DA}.Release|iPhoneSimulator.ActiveCfg = Release|Any CPU
		{59184DC2-9F32-4CC3-852F-75348D14F5DA}.Release|iPhoneSimulator.Build.0 = Release|Any CPU
		{59184DC2-9F32-4CC3-852F-75348D14F5DA}.Release|x64.ActiveCfg = Release|Any CPU
		{59184DC2-9F32-4CC3-852F-75348D14F5DA}.Release|x64.Build.0 = Release|Any CPU
		{59184DC2-9F32-4CC3-852F-75348D14F5DA}.Release|x86.ActiveCfg = Release|Any CPU
		{59184DC2-9F32-4CC3-852F-75348D14F5DA}.Release|x86.Build.0 = Release|Any CPU
		{537A70A3-6565-41E2-8C65-5198E0F4EB45}.Ad-Hoc|Any CPU.ActiveCfg = Debug|Any CPU
		{537A70A3-6565-41E2-8C65-5198E0F4EB45}.Ad-Hoc|Any CPU.Build.0 = Debug|Any CPU
		{537A70A3-6565-41E2-8C65-5198E0F4EB45}.Ad-Hoc|ARM.ActiveCfg = Debug|Any CPU
		{537A70A3-6565-41E2-8C65-5198E0F4EB45}.Ad-Hoc|ARM.Build.0 = Debug|Any CPU
		{537A70A3-6565-41E2-8C65-5198E0F4EB45}.Ad-Hoc|ARM64.ActiveCfg = Debug|Any CPU
		{537A70A3-6565-41E2-8C65-5198E0F4EB45}.Ad-Hoc|ARM64.Build.0 = Debug|Any CPU
		{537A70A3-6565-41E2-8C65-5198E0F4EB45}.Ad-Hoc|iPhone.ActiveCfg = Debug|Any CPU
		{537A70A3-6565-41E2-8C65-5198E0F4EB45}.Ad-Hoc|iPhone.Build.0 = Debug|Any CPU
		{537A70A3-6565-41E2-8C65-5198E0F4EB45}.Ad-Hoc|iPhoneSimulator.ActiveCfg = Debug|Any CPU
		{537A70A3-6565-41E2-8C65-5198E0F4EB45}.Ad-Hoc|iPhoneSimulator.Build.0 = Debug|Any CPU
		{537A70A3-6565-41E2-8C65-5198E0F4EB45}.Ad-Hoc|x64.ActiveCfg = Debug|Any CPU
		{537A70A3-6565-41E2-8C65-5198E0F4EB45}.Ad-Hoc|x64.Build.0 = Debug|Any CPU
		{537A70A3-6565-41E2-8C65-5198E0F4EB45}.Ad-Hoc|x86.ActiveCfg = Debug|Any CPU
		{537A70A3-6565-41E2-8C65-5198E0F4EB45}.Ad-Hoc|x86.Build.0 = Debug|Any CPU
		{537A70A3-6565-41E2-8C65-5198E0F4EB45}.AppStore|Any CPU.ActiveCfg = Debug|Any CPU
		{537A70A3-6565-41E2-8C65-5198E0F4EB45}.AppStore|Any CPU.Build.0 = Debug|Any CPU
		{537A70A3-6565-41E2-8C65-5198E0F4EB45}.AppStore|ARM.ActiveCfg = Debug|Any CPU
		{537A70A3-6565-41E2-8C65-5198E0F4EB45}.AppStore|ARM.Build.0 = Debug|Any CPU
		{537A70A3-6565-41E2-8C65-5198E0F4EB45}.AppStore|ARM64.ActiveCfg = Debug|Any CPU
		{537A70A3-6565-41E2-8C65-5198E0F4EB45}.AppStore|ARM64.Build.0 = Debug|Any CPU
		{537A70A3-6565-41E2-8C65-5198E0F4EB45}.AppStore|iPhone.ActiveCfg = Debug|Any CPU
		{537A70A3-6565-41E2-8C65-5198E0F4EB45}.AppStore|iPhone.Build.0 = Debug|Any CPU
		{537A70A3-6565-41E2-8C65-5198E0F4EB45}.AppStore|iPhoneSimulator.ActiveCfg = Debug|Any CPU
		{537A70A3-6565-41E2-8C65-5198E0F4EB45}.AppStore|iPhoneSimulator.Build.0 = Debug|Any CPU
		{537A70A3-6565-41E2-8C65-5198E0F4EB45}.AppStore|x64.ActiveCfg = Debug|Any CPU
		{537A70A3-6565-41E2-8C65-5198E0F4EB45}.AppStore|x64.Build.0 = Debug|Any CPU
		{537A70A3-6565-41E2-8C65-5198E0F4EB45}.AppStore|x86.ActiveCfg = Debug|Any CPU
		{537A70A3-6565-41E2-8C65-5198E0F4EB45}.AppStore|x86.Build.0 = Debug|Any CPU
		{537A70A3-6565-41E2-8C65-5198E0F4EB45}.Debug|Any CPU.ActiveCfg = Debug|Any CPU
		{537A70A3-6565-41E2-8C65-5198E0F4EB45}.Debug|Any CPU.Build.0 = Debug|Any CPU
		{537A70A3-6565-41E2-8C65-5198E0F4EB45}.Debug|ARM.ActiveCfg = Debug|Any CPU
		{537A70A3-6565-41E2-8C65-5198E0F4EB45}.Debug|ARM.Build.0 = Debug|Any CPU
		{537A70A3-6565-41E2-8C65-5198E0F4EB45}.Debug|ARM64.ActiveCfg = Debug|Any CPU
		{537A70A3-6565-41E2-8C65-5198E0F4EB45}.Debug|ARM64.Build.0 = Debug|Any CPU
		{537A70A3-6565-41E2-8C65-5198E0F4EB45}.Debug|iPhone.ActiveCfg = Debug|Any CPU
		{537A70A3-6565-41E2-8C65-5198E0F4EB45}.Debug|iPhone.Build.0 = Debug|Any CPU
		{537A70A3-6565-41E2-8C65-5198E0F4EB45}.Debug|iPhoneSimulator.ActiveCfg = Debug|Any CPU
		{537A70A3-6565-41E2-8C65-5198E0F4EB45}.Debug|iPhoneSimulator.Build.0 = Debug|Any CPU
		{537A70A3-6565-41E2-8C65-5198E0F4EB45}.Debug|x64.ActiveCfg = Debug|Any CPU
		{537A70A3-6565-41E2-8C65-5198E0F4EB45}.Debug|x64.Build.0 = Debug|Any CPU
		{537A70A3-6565-41E2-8C65-5198E0F4EB45}.Debug|x86.ActiveCfg = Debug|Any CPU
		{537A70A3-6565-41E2-8C65-5198E0F4EB45}.Debug|x86.Build.0 = Debug|Any CPU
		{537A70A3-6565-41E2-8C65-5198E0F4EB45}.Release|Any CPU.ActiveCfg = Release|Any CPU
		{537A70A3-6565-41E2-8C65-5198E0F4EB45}.Release|Any CPU.Build.0 = Release|Any CPU
		{537A70A3-6565-41E2-8C65-5198E0F4EB45}.Release|ARM.ActiveCfg = Release|Any CPU
		{537A70A3-6565-41E2-8C65-5198E0F4EB45}.Release|ARM.Build.0 = Release|Any CPU
		{537A70A3-6565-41E2-8C65-5198E0F4EB45}.Release|ARM64.ActiveCfg = Release|Any CPU
		{537A70A3-6565-41E2-8C65-5198E0F4EB45}.Release|ARM64.Build.0 = Release|Any CPU
		{537A70A3-6565-41E2-8C65-5198E0F4EB45}.Release|iPhone.ActiveCfg = Release|Any CPU
		{537A70A3-6565-41E2-8C65-5198E0F4EB45}.Release|iPhone.Build.0 = Release|Any CPU
		{537A70A3-6565-41E2-8C65-5198E0F4EB45}.Release|iPhoneSimulator.ActiveCfg = Release|Any CPU
		{537A70A3-6565-41E2-8C65-5198E0F4EB45}.Release|iPhoneSimulator.Build.0 = Release|Any CPU
		{537A70A3-6565-41E2-8C65-5198E0F4EB45}.Release|x64.ActiveCfg = Release|Any CPU
		{537A70A3-6565-41E2-8C65-5198E0F4EB45}.Release|x64.Build.0 = Release|Any CPU
		{537A70A3-6565-41E2-8C65-5198E0F4EB45}.Release|x86.ActiveCfg = Release|Any CPU
		{537A70A3-6565-41E2-8C65-5198E0F4EB45}.Release|x86.Build.0 = Release|Any CPU
		{6C9DE381-A32F-41CB-BCDA-551BE90B5A60}.Ad-Hoc|Any CPU.ActiveCfg = Ad-Hoc|iPhone
		{6C9DE381-A32F-41CB-BCDA-551BE90B5A60}.Ad-Hoc|ARM.ActiveCfg = Ad-Hoc|iPhone
		{6C9DE381-A32F-41CB-BCDA-551BE90B5A60}.Ad-Hoc|ARM64.ActiveCfg = Ad-Hoc|iPhone
		{6C9DE381-A32F-41CB-BCDA-551BE90B5A60}.Ad-Hoc|iPhone.ActiveCfg = Ad-Hoc|iPhone
		{6C9DE381-A32F-41CB-BCDA-551BE90B5A60}.Ad-Hoc|iPhone.Build.0 = Ad-Hoc|iPhone
		{6C9DE381-A32F-41CB-BCDA-551BE90B5A60}.Ad-Hoc|iPhoneSimulator.ActiveCfg = Ad-Hoc|iPhoneSimulator
		{6C9DE381-A32F-41CB-BCDA-551BE90B5A60}.Ad-Hoc|iPhoneSimulator.Build.0 = Ad-Hoc|iPhoneSimulator
		{6C9DE381-A32F-41CB-BCDA-551BE90B5A60}.Ad-Hoc|x64.ActiveCfg = Ad-Hoc|iPhone
		{6C9DE381-A32F-41CB-BCDA-551BE90B5A60}.Ad-Hoc|x86.ActiveCfg = Ad-Hoc|iPhone
		{6C9DE381-A32F-41CB-BCDA-551BE90B5A60}.AppStore|Any CPU.ActiveCfg = AppStore|iPhone
		{6C9DE381-A32F-41CB-BCDA-551BE90B5A60}.AppStore|ARM.ActiveCfg = AppStore|iPhone
		{6C9DE381-A32F-41CB-BCDA-551BE90B5A60}.AppStore|ARM64.ActiveCfg = AppStore|iPhone
		{6C9DE381-A32F-41CB-BCDA-551BE90B5A60}.AppStore|iPhone.ActiveCfg = AppStore|iPhone
		{6C9DE381-A32F-41CB-BCDA-551BE90B5A60}.AppStore|iPhone.Build.0 = AppStore|iPhone
		{6C9DE381-A32F-41CB-BCDA-551BE90B5A60}.AppStore|iPhoneSimulator.ActiveCfg = AppStore|iPhoneSimulator
		{6C9DE381-A32F-41CB-BCDA-551BE90B5A60}.AppStore|iPhoneSimulator.Build.0 = AppStore|iPhoneSimulator
		{6C9DE381-A32F-41CB-BCDA-551BE90B5A60}.AppStore|x64.ActiveCfg = AppStore|iPhone
		{6C9DE381-A32F-41CB-BCDA-551BE90B5A60}.AppStore|x86.ActiveCfg = AppStore|iPhone
		{6C9DE381-A32F-41CB-BCDA-551BE90B5A60}.Debug|Any CPU.ActiveCfg = Debug|iPhone
		{6C9DE381-A32F-41CB-BCDA-551BE90B5A60}.Debug|ARM.ActiveCfg = Debug|iPhone
		{6C9DE381-A32F-41CB-BCDA-551BE90B5A60}.Debug|ARM64.ActiveCfg = Debug|iPhone
		{6C9DE381-A32F-41CB-BCDA-551BE90B5A60}.Debug|iPhone.ActiveCfg = Debug|iPhone
		{6C9DE381-A32F-41CB-BCDA-551BE90B5A60}.Debug|iPhone.Build.0 = Debug|iPhone
		{6C9DE381-A32F-41CB-BCDA-551BE90B5A60}.Debug|iPhoneSimulator.ActiveCfg = Debug|iPhoneSimulator
		{6C9DE381-A32F-41CB-BCDA-551BE90B5A60}.Debug|iPhoneSimulator.Build.0 = Debug|iPhoneSimulator
		{6C9DE381-A32F-41CB-BCDA-551BE90B5A60}.Debug|x64.ActiveCfg = Debug|iPhone
		{6C9DE381-A32F-41CB-BCDA-551BE90B5A60}.Debug|x86.ActiveCfg = Debug|iPhone
		{6C9DE381-A32F-41CB-BCDA-551BE90B5A60}.Release|Any CPU.ActiveCfg = Release|iPhone
		{6C9DE381-A32F-41CB-BCDA-551BE90B5A60}.Release|ARM.ActiveCfg = Release|iPhone
		{6C9DE381-A32F-41CB-BCDA-551BE90B5A60}.Release|ARM64.ActiveCfg = Release|iPhone
		{6C9DE381-A32F-41CB-BCDA-551BE90B5A60}.Release|iPhone.ActiveCfg = Release|iPhone
		{6C9DE381-A32F-41CB-BCDA-551BE90B5A60}.Release|iPhone.Build.0 = Release|iPhone
		{6C9DE381-A32F-41CB-BCDA-551BE90B5A60}.Release|iPhoneSimulator.ActiveCfg = Release|iPhoneSimulator
		{6C9DE381-A32F-41CB-BCDA-551BE90B5A60}.Release|iPhoneSimulator.Build.0 = Release|iPhoneSimulator
		{6C9DE381-A32F-41CB-BCDA-551BE90B5A60}.Release|x64.ActiveCfg = Release|iPhone
		{6C9DE381-A32F-41CB-BCDA-551BE90B5A60}.Release|x86.ActiveCfg = Release|iPhone
		{82AB6F00-B0CC-4B88-8D09-CD95789E6C38}.Ad-Hoc|Any CPU.ActiveCfg = Debug|Any CPU
		{82AB6F00-B0CC-4B88-8D09-CD95789E6C38}.Ad-Hoc|Any CPU.Build.0 = Debug|Any CPU
		{82AB6F00-B0CC-4B88-8D09-CD95789E6C38}.Ad-Hoc|ARM.ActiveCfg = Debug|Any CPU
		{82AB6F00-B0CC-4B88-8D09-CD95789E6C38}.Ad-Hoc|ARM.Build.0 = Debug|Any CPU
		{82AB6F00-B0CC-4B88-8D09-CD95789E6C38}.Ad-Hoc|ARM64.ActiveCfg = Debug|Any CPU
		{82AB6F00-B0CC-4B88-8D09-CD95789E6C38}.Ad-Hoc|ARM64.Build.0 = Debug|Any CPU
		{82AB6F00-B0CC-4B88-8D09-CD95789E6C38}.Ad-Hoc|iPhone.ActiveCfg = Debug|Any CPU
		{82AB6F00-B0CC-4B88-8D09-CD95789E6C38}.Ad-Hoc|iPhone.Build.0 = Debug|Any CPU
		{82AB6F00-B0CC-4B88-8D09-CD95789E6C38}.Ad-Hoc|iPhoneSimulator.ActiveCfg = Debug|Any CPU
		{82AB6F00-B0CC-4B88-8D09-CD95789E6C38}.Ad-Hoc|iPhoneSimulator.Build.0 = Debug|Any CPU
		{82AB6F00-B0CC-4B88-8D09-CD95789E6C38}.Ad-Hoc|x64.ActiveCfg = Debug|Any CPU
		{82AB6F00-B0CC-4B88-8D09-CD95789E6C38}.Ad-Hoc|x64.Build.0 = Debug|Any CPU
		{82AB6F00-B0CC-4B88-8D09-CD95789E6C38}.Ad-Hoc|x86.ActiveCfg = Debug|Any CPU
		{82AB6F00-B0CC-4B88-8D09-CD95789E6C38}.Ad-Hoc|x86.Build.0 = Debug|Any CPU
		{82AB6F00-B0CC-4B88-8D09-CD95789E6C38}.AppStore|Any CPU.ActiveCfg = Debug|Any CPU
		{82AB6F00-B0CC-4B88-8D09-CD95789E6C38}.AppStore|Any CPU.Build.0 = Debug|Any CPU
		{82AB6F00-B0CC-4B88-8D09-CD95789E6C38}.AppStore|ARM.ActiveCfg = Debug|Any CPU
		{82AB6F00-B0CC-4B88-8D09-CD95789E6C38}.AppStore|ARM.Build.0 = Debug|Any CPU
		{82AB6F00-B0CC-4B88-8D09-CD95789E6C38}.AppStore|ARM64.ActiveCfg = Debug|Any CPU
		{82AB6F00-B0CC-4B88-8D09-CD95789E6C38}.AppStore|ARM64.Build.0 = Debug|Any CPU
		{82AB6F00-B0CC-4B88-8D09-CD95789E6C38}.AppStore|iPhone.ActiveCfg = Debug|Any CPU
		{82AB6F00-B0CC-4B88-8D09-CD95789E6C38}.AppStore|iPhone.Build.0 = Debug|Any CPU
		{82AB6F00-B0CC-4B88-8D09-CD95789E6C38}.AppStore|iPhoneSimulator.ActiveCfg = Debug|Any CPU
		{82AB6F00-B0CC-4B88-8D09-CD95789E6C38}.AppStore|iPhoneSimulator.Build.0 = Debug|Any CPU
		{82AB6F00-B0CC-4B88-8D09-CD95789E6C38}.AppStore|x64.ActiveCfg = Debug|Any CPU
		{82AB6F00-B0CC-4B88-8D09-CD95789E6C38}.AppStore|x64.Build.0 = Debug|Any CPU
		{82AB6F00-B0CC-4B88-8D09-CD95789E6C38}.AppStore|x86.ActiveCfg = Debug|Any CPU
		{82AB6F00-B0CC-4B88-8D09-CD95789E6C38}.AppStore|x86.Build.0 = Debug|Any CPU
		{82AB6F00-B0CC-4B88-8D09-CD95789E6C38}.Debug|Any CPU.ActiveCfg = Debug|Any CPU
		{82AB6F00-B0CC-4B88-8D09-CD95789E6C38}.Debug|Any CPU.Build.0 = Debug|Any CPU
		{82AB6F00-B0CC-4B88-8D09-CD95789E6C38}.Debug|ARM.ActiveCfg = Debug|Any CPU
		{82AB6F00-B0CC-4B88-8D09-CD95789E6C38}.Debug|ARM.Build.0 = Debug|Any CPU
		{82AB6F00-B0CC-4B88-8D09-CD95789E6C38}.Debug|ARM64.ActiveCfg = Debug|Any CPU
		{82AB6F00-B0CC-4B88-8D09-CD95789E6C38}.Debug|ARM64.Build.0 = Debug|Any CPU
		{82AB6F00-B0CC-4B88-8D09-CD95789E6C38}.Debug|iPhone.ActiveCfg = Debug|Any CPU
		{82AB6F00-B0CC-4B88-8D09-CD95789E6C38}.Debug|iPhone.Build.0 = Debug|Any CPU
		{82AB6F00-B0CC-4B88-8D09-CD95789E6C38}.Debug|iPhoneSimulator.ActiveCfg = Debug|Any CPU
		{82AB6F00-B0CC-4B88-8D09-CD95789E6C38}.Debug|iPhoneSimulator.Build.0 = Debug|Any CPU
		{82AB6F00-B0CC-4B88-8D09-CD95789E6C38}.Debug|x64.ActiveCfg = Debug|Any CPU
		{82AB6F00-B0CC-4B88-8D09-CD95789E6C38}.Debug|x64.Build.0 = Debug|Any CPU
		{82AB6F00-B0CC-4B88-8D09-CD95789E6C38}.Debug|x86.ActiveCfg = Debug|Any CPU
		{82AB6F00-B0CC-4B88-8D09-CD95789E6C38}.Debug|x86.Build.0 = Debug|Any CPU
		{82AB6F00-B0CC-4B88-8D09-CD95789E6C38}.Release|Any CPU.ActiveCfg = Release|Any CPU
		{82AB6F00-B0CC-4B88-8D09-CD95789E6C38}.Release|Any CPU.Build.0 = Release|Any CPU
		{82AB6F00-B0CC-4B88-8D09-CD95789E6C38}.Release|ARM.ActiveCfg = Release|Any CPU
		{82AB6F00-B0CC-4B88-8D09-CD95789E6C38}.Release|ARM.Build.0 = Release|Any CPU
		{82AB6F00-B0CC-4B88-8D09-CD95789E6C38}.Release|ARM64.ActiveCfg = Release|Any CPU
		{82AB6F00-B0CC-4B88-8D09-CD95789E6C38}.Release|ARM64.Build.0 = Release|Any CPU
		{82AB6F00-B0CC-4B88-8D09-CD95789E6C38}.Release|iPhone.ActiveCfg = Release|Any CPU
		{82AB6F00-B0CC-4B88-8D09-CD95789E6C38}.Release|iPhone.Build.0 = Release|Any CPU
		{82AB6F00-B0CC-4B88-8D09-CD95789E6C38}.Release|iPhoneSimulator.ActiveCfg = Release|Any CPU
		{82AB6F00-B0CC-4B88-8D09-CD95789E6C38}.Release|iPhoneSimulator.Build.0 = Release|Any CPU
		{82AB6F00-B0CC-4B88-8D09-CD95789E6C38}.Release|x64.ActiveCfg = Release|Any CPU
		{82AB6F00-B0CC-4B88-8D09-CD95789E6C38}.Release|x64.Build.0 = Release|Any CPU
		{82AB6F00-B0CC-4B88-8D09-CD95789E6C38}.Release|x86.ActiveCfg = Release|Any CPU
		{82AB6F00-B0CC-4B88-8D09-CD95789E6C38}.Release|x86.Build.0 = Release|Any CPU
		{4B5837B1-CEA4-47F8-AB7A-1CF8704654A2}.Ad-Hoc|Any CPU.ActiveCfg = Release|Any CPU
		{4B5837B1-CEA4-47F8-AB7A-1CF8704654A2}.Ad-Hoc|Any CPU.Build.0 = Release|Any CPU
		{4B5837B1-CEA4-47F8-AB7A-1CF8704654A2}.Ad-Hoc|ARM.ActiveCfg = Debug|Any CPU
		{4B5837B1-CEA4-47F8-AB7A-1CF8704654A2}.Ad-Hoc|ARM.Build.0 = Debug|Any CPU
		{4B5837B1-CEA4-47F8-AB7A-1CF8704654A2}.Ad-Hoc|ARM64.ActiveCfg = Debug|Any CPU
		{4B5837B1-CEA4-47F8-AB7A-1CF8704654A2}.Ad-Hoc|ARM64.Build.0 = Debug|Any CPU
		{4B5837B1-CEA4-47F8-AB7A-1CF8704654A2}.Ad-Hoc|iPhone.ActiveCfg = Release|Any CPU
		{4B5837B1-CEA4-47F8-AB7A-1CF8704654A2}.Ad-Hoc|iPhone.Build.0 = Release|Any CPU
		{4B5837B1-CEA4-47F8-AB7A-1CF8704654A2}.Ad-Hoc|iPhoneSimulator.ActiveCfg = Release|Any CPU
		{4B5837B1-CEA4-47F8-AB7A-1CF8704654A2}.Ad-Hoc|iPhoneSimulator.Build.0 = Release|Any CPU
		{4B5837B1-CEA4-47F8-AB7A-1CF8704654A2}.Ad-Hoc|x64.ActiveCfg = Release|Any CPU
		{4B5837B1-CEA4-47F8-AB7A-1CF8704654A2}.Ad-Hoc|x64.Build.0 = Release|Any CPU
		{4B5837B1-CEA4-47F8-AB7A-1CF8704654A2}.Ad-Hoc|x86.ActiveCfg = Release|Any CPU
		{4B5837B1-CEA4-47F8-AB7A-1CF8704654A2}.Ad-Hoc|x86.Build.0 = Release|Any CPU
		{4B5837B1-CEA4-47F8-AB7A-1CF8704654A2}.AppStore|Any CPU.ActiveCfg = Release|Any CPU
		{4B5837B1-CEA4-47F8-AB7A-1CF8704654A2}.AppStore|Any CPU.Build.0 = Release|Any CPU
		{4B5837B1-CEA4-47F8-AB7A-1CF8704654A2}.AppStore|ARM.ActiveCfg = Debug|Any CPU
		{4B5837B1-CEA4-47F8-AB7A-1CF8704654A2}.AppStore|ARM.Build.0 = Debug|Any CPU
		{4B5837B1-CEA4-47F8-AB7A-1CF8704654A2}.AppStore|ARM64.ActiveCfg = Debug|Any CPU
		{4B5837B1-CEA4-47F8-AB7A-1CF8704654A2}.AppStore|ARM64.Build.0 = Debug|Any CPU
		{4B5837B1-CEA4-47F8-AB7A-1CF8704654A2}.AppStore|iPhone.ActiveCfg = Release|Any CPU
		{4B5837B1-CEA4-47F8-AB7A-1CF8704654A2}.AppStore|iPhone.Build.0 = Release|Any CPU
		{4B5837B1-CEA4-47F8-AB7A-1CF8704654A2}.AppStore|iPhoneSimulator.ActiveCfg = Release|Any CPU
		{4B5837B1-CEA4-47F8-AB7A-1CF8704654A2}.AppStore|iPhoneSimulator.Build.0 = Release|Any CPU
		{4B5837B1-CEA4-47F8-AB7A-1CF8704654A2}.AppStore|x64.ActiveCfg = Release|Any CPU
		{4B5837B1-CEA4-47F8-AB7A-1CF8704654A2}.AppStore|x64.Build.0 = Release|Any CPU
		{4B5837B1-CEA4-47F8-AB7A-1CF8704654A2}.AppStore|x86.ActiveCfg = Release|Any CPU
		{4B5837B1-CEA4-47F8-AB7A-1CF8704654A2}.AppStore|x86.Build.0 = Release|Any CPU
		{4B5837B1-CEA4-47F8-AB7A-1CF8704654A2}.Debug|Any CPU.ActiveCfg = Debug|Any CPU
		{4B5837B1-CEA4-47F8-AB7A-1CF8704654A2}.Debug|Any CPU.Build.0 = Debug|Any CPU
		{4B5837B1-CEA4-47F8-AB7A-1CF8704654A2}.Debug|ARM.ActiveCfg = Debug|Any CPU
		{4B5837B1-CEA4-47F8-AB7A-1CF8704654A2}.Debug|ARM.Build.0 = Debug|Any CPU
		{4B5837B1-CEA4-47F8-AB7A-1CF8704654A2}.Debug|ARM64.ActiveCfg = Debug|Any CPU
		{4B5837B1-CEA4-47F8-AB7A-1CF8704654A2}.Debug|ARM64.Build.0 = Debug|Any CPU
		{4B5837B1-CEA4-47F8-AB7A-1CF8704654A2}.Debug|iPhone.ActiveCfg = Debug|Any CPU
		{4B5837B1-CEA4-47F8-AB7A-1CF8704654A2}.Debug|iPhone.Build.0 = Debug|Any CPU
		{4B5837B1-CEA4-47F8-AB7A-1CF8704654A2}.Debug|iPhoneSimulator.ActiveCfg = Debug|Any CPU
		{4B5837B1-CEA4-47F8-AB7A-1CF8704654A2}.Debug|iPhoneSimulator.Build.0 = Debug|Any CPU
		{4B5837B1-CEA4-47F8-AB7A-1CF8704654A2}.Debug|x64.ActiveCfg = Debug|Any CPU
		{4B5837B1-CEA4-47F8-AB7A-1CF8704654A2}.Debug|x64.Build.0 = Debug|Any CPU
		{4B5837B1-CEA4-47F8-AB7A-1CF8704654A2}.Debug|x86.ActiveCfg = Debug|Any CPU
		{4B5837B1-CEA4-47F8-AB7A-1CF8704654A2}.Debug|x86.Build.0 = Debug|Any CPU
		{4B5837B1-CEA4-47F8-AB7A-1CF8704654A2}.Release|Any CPU.ActiveCfg = Release|Any CPU
		{4B5837B1-CEA4-47F8-AB7A-1CF8704654A2}.Release|Any CPU.Build.0 = Release|Any CPU
		{4B5837B1-CEA4-47F8-AB7A-1CF8704654A2}.Release|ARM.ActiveCfg = Release|Any CPU
		{4B5837B1-CEA4-47F8-AB7A-1CF8704654A2}.Release|ARM.Build.0 = Release|Any CPU
		{4B5837B1-CEA4-47F8-AB7A-1CF8704654A2}.Release|ARM64.ActiveCfg = Release|Any CPU
		{4B5837B1-CEA4-47F8-AB7A-1CF8704654A2}.Release|ARM64.Build.0 = Release|Any CPU
		{4B5837B1-CEA4-47F8-AB7A-1CF8704654A2}.Release|iPhone.ActiveCfg = Release|Any CPU
		{4B5837B1-CEA4-47F8-AB7A-1CF8704654A2}.Release|iPhone.Build.0 = Release|Any CPU
		{4B5837B1-CEA4-47F8-AB7A-1CF8704654A2}.Release|iPhoneSimulator.ActiveCfg = Release|Any CPU
		{4B5837B1-CEA4-47F8-AB7A-1CF8704654A2}.Release|iPhoneSimulator.Build.0 = Release|Any CPU
		{4B5837B1-CEA4-47F8-AB7A-1CF8704654A2}.Release|x64.ActiveCfg = Release|Any CPU
		{4B5837B1-CEA4-47F8-AB7A-1CF8704654A2}.Release|x64.Build.0 = Release|Any CPU
		{4B5837B1-CEA4-47F8-AB7A-1CF8704654A2}.Release|x86.ActiveCfg = Release|Any CPU
		{4B5837B1-CEA4-47F8-AB7A-1CF8704654A2}.Release|x86.Build.0 = Release|Any CPU
		{5FFCADC1-AAE7-4E01-B875-0D3F8A1AC2F5}.Ad-Hoc|Any CPU.ActiveCfg = Debug|Any CPU
		{5FFCADC1-AAE7-4E01-B875-0D3F8A1AC2F5}.Ad-Hoc|Any CPU.Build.0 = Debug|Any CPU
		{5FFCADC1-AAE7-4E01-B875-0D3F8A1AC2F5}.Ad-Hoc|ARM.ActiveCfg = Debug|Any CPU
		{5FFCADC1-AAE7-4E01-B875-0D3F8A1AC2F5}.Ad-Hoc|ARM.Build.0 = Debug|Any CPU
		{5FFCADC1-AAE7-4E01-B875-0D3F8A1AC2F5}.Ad-Hoc|ARM64.ActiveCfg = Debug|Any CPU
		{5FFCADC1-AAE7-4E01-B875-0D3F8A1AC2F5}.Ad-Hoc|ARM64.Build.0 = Debug|Any CPU
		{5FFCADC1-AAE7-4E01-B875-0D3F8A1AC2F5}.Ad-Hoc|iPhone.ActiveCfg = Debug|Any CPU
		{5FFCADC1-AAE7-4E01-B875-0D3F8A1AC2F5}.Ad-Hoc|iPhone.Build.0 = Debug|Any CPU
		{5FFCADC1-AAE7-4E01-B875-0D3F8A1AC2F5}.Ad-Hoc|iPhoneSimulator.ActiveCfg = Debug|Any CPU
		{5FFCADC1-AAE7-4E01-B875-0D3F8A1AC2F5}.Ad-Hoc|iPhoneSimulator.Build.0 = Debug|Any CPU
		{5FFCADC1-AAE7-4E01-B875-0D3F8A1AC2F5}.Ad-Hoc|x64.ActiveCfg = Debug|Any CPU
		{5FFCADC1-AAE7-4E01-B875-0D3F8A1AC2F5}.Ad-Hoc|x64.Build.0 = Debug|Any CPU
		{5FFCADC1-AAE7-4E01-B875-0D3F8A1AC2F5}.Ad-Hoc|x86.ActiveCfg = Debug|Any CPU
		{5FFCADC1-AAE7-4E01-B875-0D3F8A1AC2F5}.Ad-Hoc|x86.Build.0 = Debug|Any CPU
		{5FFCADC1-AAE7-4E01-B875-0D3F8A1AC2F5}.AppStore|Any CPU.ActiveCfg = Debug|Any CPU
		{5FFCADC1-AAE7-4E01-B875-0D3F8A1AC2F5}.AppStore|Any CPU.Build.0 = Debug|Any CPU
		{5FFCADC1-AAE7-4E01-B875-0D3F8A1AC2F5}.AppStore|ARM.ActiveCfg = Debug|Any CPU
		{5FFCADC1-AAE7-4E01-B875-0D3F8A1AC2F5}.AppStore|ARM.Build.0 = Debug|Any CPU
		{5FFCADC1-AAE7-4E01-B875-0D3F8A1AC2F5}.AppStore|ARM64.ActiveCfg = Debug|Any CPU
		{5FFCADC1-AAE7-4E01-B875-0D3F8A1AC2F5}.AppStore|ARM64.Build.0 = Debug|Any CPU
		{5FFCADC1-AAE7-4E01-B875-0D3F8A1AC2F5}.AppStore|iPhone.ActiveCfg = Debug|Any CPU
		{5FFCADC1-AAE7-4E01-B875-0D3F8A1AC2F5}.AppStore|iPhone.Build.0 = Debug|Any CPU
		{5FFCADC1-AAE7-4E01-B875-0D3F8A1AC2F5}.AppStore|iPhoneSimulator.ActiveCfg = Debug|Any CPU
		{5FFCADC1-AAE7-4E01-B875-0D3F8A1AC2F5}.AppStore|iPhoneSimulator.Build.0 = Debug|Any CPU
		{5FFCADC1-AAE7-4E01-B875-0D3F8A1AC2F5}.AppStore|x64.ActiveCfg = Debug|Any CPU
		{5FFCADC1-AAE7-4E01-B875-0D3F8A1AC2F5}.AppStore|x64.Build.0 = Debug|Any CPU
		{5FFCADC1-AAE7-4E01-B875-0D3F8A1AC2F5}.AppStore|x86.ActiveCfg = Debug|Any CPU
		{5FFCADC1-AAE7-4E01-B875-0D3F8A1AC2F5}.AppStore|x86.Build.0 = Debug|Any CPU
		{5FFCADC1-AAE7-4E01-B875-0D3F8A1AC2F5}.Debug|Any CPU.ActiveCfg = Debug|Any CPU
		{5FFCADC1-AAE7-4E01-B875-0D3F8A1AC2F5}.Debug|Any CPU.Build.0 = Debug|Any CPU
		{5FFCADC1-AAE7-4E01-B875-0D3F8A1AC2F5}.Debug|ARM.ActiveCfg = Debug|Any CPU
		{5FFCADC1-AAE7-4E01-B875-0D3F8A1AC2F5}.Debug|ARM.Build.0 = Debug|Any CPU
		{5FFCADC1-AAE7-4E01-B875-0D3F8A1AC2F5}.Debug|ARM64.ActiveCfg = Debug|Any CPU
		{5FFCADC1-AAE7-4E01-B875-0D3F8A1AC2F5}.Debug|ARM64.Build.0 = Debug|Any CPU
		{5FFCADC1-AAE7-4E01-B875-0D3F8A1AC2F5}.Debug|iPhone.ActiveCfg = Debug|Any CPU
		{5FFCADC1-AAE7-4E01-B875-0D3F8A1AC2F5}.Debug|iPhone.Build.0 = Debug|Any CPU
		{5FFCADC1-AAE7-4E01-B875-0D3F8A1AC2F5}.Debug|iPhoneSimulator.ActiveCfg = Debug|Any CPU
		{5FFCADC1-AAE7-4E01-B875-0D3F8A1AC2F5}.Debug|iPhoneSimulator.Build.0 = Debug|Any CPU
		{5FFCADC1-AAE7-4E01-B875-0D3F8A1AC2F5}.Debug|x64.ActiveCfg = Debug|Any CPU
		{5FFCADC1-AAE7-4E01-B875-0D3F8A1AC2F5}.Debug|x64.Build.0 = Debug|Any CPU
		{5FFCADC1-AAE7-4E01-B875-0D3F8A1AC2F5}.Debug|x86.ActiveCfg = Debug|Any CPU
		{5FFCADC1-AAE7-4E01-B875-0D3F8A1AC2F5}.Debug|x86.Build.0 = Debug|Any CPU
		{5FFCADC1-AAE7-4E01-B875-0D3F8A1AC2F5}.Release|Any CPU.ActiveCfg = Release|Any CPU
		{5FFCADC1-AAE7-4E01-B875-0D3F8A1AC2F5}.Release|Any CPU.Build.0 = Release|Any CPU
		{5FFCADC1-AAE7-4E01-B875-0D3F8A1AC2F5}.Release|ARM.ActiveCfg = Release|Any CPU
		{5FFCADC1-AAE7-4E01-B875-0D3F8A1AC2F5}.Release|ARM.Build.0 = Release|Any CPU
		{5FFCADC1-AAE7-4E01-B875-0D3F8A1AC2F5}.Release|ARM64.ActiveCfg = Release|Any CPU
		{5FFCADC1-AAE7-4E01-B875-0D3F8A1AC2F5}.Release|ARM64.Build.0 = Release|Any CPU
		{5FFCADC1-AAE7-4E01-B875-0D3F8A1AC2F5}.Release|iPhone.ActiveCfg = Release|Any CPU
		{5FFCADC1-AAE7-4E01-B875-0D3F8A1AC2F5}.Release|iPhone.Build.0 = Release|Any CPU
		{5FFCADC1-AAE7-4E01-B875-0D3F8A1AC2F5}.Release|iPhoneSimulator.ActiveCfg = Release|Any CPU
		{5FFCADC1-AAE7-4E01-B875-0D3F8A1AC2F5}.Release|iPhoneSimulator.Build.0 = Release|Any CPU
		{5FFCADC1-AAE7-4E01-B875-0D3F8A1AC2F5}.Release|x64.ActiveCfg = Release|Any CPU
		{5FFCADC1-AAE7-4E01-B875-0D3F8A1AC2F5}.Release|x64.Build.0 = Release|Any CPU
		{5FFCADC1-AAE7-4E01-B875-0D3F8A1AC2F5}.Release|x86.ActiveCfg = Release|Any CPU
		{5FFCADC1-AAE7-4E01-B875-0D3F8A1AC2F5}.Release|x86.Build.0 = Release|Any CPU
	EndGlobalSection
	GlobalSection(SolutionProperties) = preSolution
		HideSolutionNode = FALSE
	EndGlobalSection
	GlobalSection(NestedProjects) = preSolution
		{FC68D8B7-758E-4164-945B-9F922FA883F6} = {799A84A2-2161-4676-878B-5610E3586137}
		{5E512888-485B-438A-AA4A-1B1EF50FD49F} = {FC68D8B7-758E-4164-945B-9F922FA883F6}
		{537A70A3-6565-41E2-8C65-5198E0F4EB45} = {5E512888-485B-438A-AA4A-1B1EF50FD49F}
		{6C9DE381-A32F-41CB-BCDA-551BE90B5A60} = {5E512888-485B-438A-AA4A-1B1EF50FD49F}
		{AF7576D5-F1E9-4E7B-93CE-538BBBB4442E} = {799A84A2-2161-4676-878B-5610E3586137}
		{A5558B4F-67BD-4FDC-82F5-D82A6564CD7B} = {AF7576D5-F1E9-4E7B-93CE-538BBBB4442E}
		{4B5837B1-CEA4-47F8-AB7A-1CF8704654A2} = {799A84A2-2161-4676-878B-5610E3586137}
	EndGlobalSection
	GlobalSection(ExtensibilityGlobals) = postSolution
		SolutionGuid = {AB1424F9-871B-444A-9278-18227672889C}
	EndGlobalSection
EndGlobal
